// !$*UTF8*$!
{
	archiveVersion = 1;
	classes = {
	};
	objectVersion = 50;
	objects = {

/* Begin PBXBuildFile section */
		79CBED9224524DE300916540 /* WLMath.c in Sources */ = {isa = PBXBuildFile; fileRef = 79CBED9124524DE300916540 /* WLMath.c */; };
		79DAE057245463C8000F85EF /* WLRenderer.m in Sources */ = {isa = PBXBuildFile; fileRef = 79DAE056245463C8000F85EF /* WLRenderer.m */; };
		79DAE058245463C8000F85EF /* WLRenderer.m in Sources */ = {isa = PBXBuildFile; fileRef = 79DAE056245463C8000F85EF /* WLRenderer.m */; };
		79DAE059245463C8000F85EF /* WLRenderer.m in Sources */ = {isa = PBXBuildFile; fileRef = 79DAE056245463C8000F85EF /* WLRenderer.m */; };
		79DAE05E2454DF87000F85EF /* WLMesh.m in Sources */ = {isa = PBXBuildFile; fileRef = 79DAE05D2454DF87000F85EF /* WLMesh.m */; };
		79DAE05F2454DF87000F85EF /* WLMesh.m in Sources */ = {isa = PBXBuildFile; fileRef = 79DAE05D2454DF87000F85EF /* WLMesh.m */; };
		79DAE0602454DF87000F85EF /* WLMesh.m in Sources */ = {isa = PBXBuildFile; fileRef = 79DAE05D2454DF87000F85EF /* WLMesh.m */; };
		79DAE0692455A494000F85EF /* WLUtils.m in Sources */ = {isa = PBXBuildFile; fileRef = 79DAE0682455A494000F85EF /* WLUtils.m */; };
		79DAE06A2455A494000F85EF /* WLUtils.m in Sources */ = {isa = PBXBuildFile; fileRef = 79DAE0682455A494000F85EF /* WLUtils.m */; };
		79DAE06B2455A494000F85EF /* WLUtils.m in Sources */ = {isa = PBXBuildFile; fileRef = 79DAE0682455A494000F85EF /* WLUtils.m */; };
		79DAE06E2455ABE8000F85EF /* WLActor.m in Sources */ = {isa = PBXBuildFile; fileRef = 79DAE06D2455ABE8000F85EF /* WLActor.m */; };
		79DAE06F2455ABE8000F85EF /* WLActor.m in Sources */ = {isa = PBXBuildFile; fileRef = 79DAE06D2455ABE8000F85EF /* WLActor.m */; };
		79DAE0702455ABE8000F85EF /* WLActor.m in Sources */ = {isa = PBXBuildFile; fileRef = 79DAE06D2455ABE8000F85EF /* WLActor.m */; };
		79DAE0732455B0EC000F85EF /* WLCamera.m in Sources */ = {isa = PBXBuildFile; fileRef = 79DAE0722455B0EC000F85EF /* WLCamera.m */; };
		79DAE0742455B0EC000F85EF /* WLCamera.m in Sources */ = {isa = PBXBuildFile; fileRef = 79DAE0722455B0EC000F85EF /* WLCamera.m */; };
		79DAE0752455B0EC000F85EF /* WLCamera.m in Sources */ = {isa = PBXBuildFile; fileRef = 79DAE0722455B0EC000F85EF /* WLCamera.m */; };
		79DAE07C2455C50E000F85EF /* WLResourceMesh.m in Sources */ = {isa = PBXBuildFile; fileRef = 79DAE07B2455C50E000F85EF /* WLResourceMesh.m */; };
		79DAE07D2455C50E000F85EF /* WLResourceMesh.m in Sources */ = {isa = PBXBuildFile; fileRef = 79DAE07B2455C50E000F85EF /* WLResourceMesh.m */; };
		79DAE07E2455C50E000F85EF /* WLResourceMesh.m in Sources */ = {isa = PBXBuildFile; fileRef = 79DAE07B2455C50E000F85EF /* WLResourceMesh.m */; };
		79DAE095245768A6000F85EF /* WLScene.m in Sources */ = {isa = PBXBuildFile; fileRef = 79DAE094245768A6000F85EF /* WLScene.m */; };
		79DAE096245768A6000F85EF /* WLScene.m in Sources */ = {isa = PBXBuildFile; fileRef = 79DAE094245768A6000F85EF /* WLScene.m */; };
		79DAE097245768A6000F85EF /* WLScene.m in Sources */ = {isa = PBXBuildFile; fileRef = 79DAE094245768A6000F85EF /* WLScene.m */; };
		79DAE09E24576CE8000F85EF /* WLMath.c in Sources */ = {isa = PBXBuildFile; fileRef = 79CBED9124524DE300916540 /* WLMath.c */; };
		79DAE09F24576CE8000F85EF /* WLMath.c in Sources */ = {isa = PBXBuildFile; fileRef = 79CBED9124524DE300916540 /* WLMath.c */; };
		79DAE0A624576DAB000F85EF /* WLOBJActor.m in Sources */ = {isa = PBXBuildFile; fileRef = 79DAE0A524576DAB000F85EF /* WLOBJActor.m */; };
		79DAE0A724576DAB000F85EF /* WLOBJActor.m in Sources */ = {isa = PBXBuildFile; fileRef = 79DAE0A524576DAB000F85EF /* WLOBJActor.m */; };
		79DAE0A824576DAB000F85EF /* WLOBJActor.m in Sources */ = {isa = PBXBuildFile; fileRef = 79DAE0A524576DAB000F85EF /* WLOBJActor.m */; };
		79DAE0A924576F00000F85EF /* MBEOBJModel.mm in Sources */ = {isa = PBXBuildFile; fileRef = 79DAE09B24576C79000F85EF /* MBEOBJModel.mm */; };
		79DAE0AA24576F01000F85EF /* MBEOBJModel.mm in Sources */ = {isa = PBXBuildFile; fileRef = 79DAE09B24576C79000F85EF /* MBEOBJModel.mm */; };
		79DAE0AB24576F02000F85EF /* MBEOBJModel.mm in Sources */ = {isa = PBXBuildFile; fileRef = 79DAE09B24576C79000F85EF /* MBEOBJModel.mm */; };
		79DAE0AC24576F05000F85EF /* MBEOBJGroup.mm in Sources */ = {isa = PBXBuildFile; fileRef = 79DAE09D24576C79000F85EF /* MBEOBJGroup.mm */; };
		79DAE0AD24576F05000F85EF /* MBEOBJGroup.mm in Sources */ = {isa = PBXBuildFile; fileRef = 79DAE09D24576C79000F85EF /* MBEOBJGroup.mm */; };
		79DAE0AE24576F06000F85EF /* MBEOBJGroup.mm in Sources */ = {isa = PBXBuildFile; fileRef = 79DAE09D24576C79000F85EF /* MBEOBJGroup.mm */; };
		79DAE0B52458BE9F000F85EF /* WLPlane.m in Sources */ = {isa = PBXBuildFile; fileRef = 79DAE0B42458BE9F000F85EF /* WLPlane.m */; };
		79DAE0B82458C04C000F85EF /* WLPlaneMesh.m in Sources */ = {isa = PBXBuildFile; fileRef = 79DAE0B72458C04C000F85EF /* WLPlaneMesh.m */; };
		79DAE0B92458C379000F85EF /* WLPlane.m in Sources */ = {isa = PBXBuildFile; fileRef = 79DAE0B42458BE9F000F85EF /* WLPlane.m */; };
		79DAE0BA2458C379000F85EF /* WLPlane.m in Sources */ = {isa = PBXBuildFile; fileRef = 79DAE0B42458BE9F000F85EF /* WLPlane.m */; };
		79DAE0BB2458C392000F85EF /* WLPlaneMesh.m in Sources */ = {isa = PBXBuildFile; fileRef = 79DAE0B72458C04C000F85EF /* WLPlaneMesh.m */; };
		79DAE0BC2458C392000F85EF /* WLPlaneMesh.m in Sources */ = {isa = PBXBuildFile; fileRef = 79DAE0B72458C04C000F85EF /* WLPlaneMesh.m */; };
		79DAE0C7245AD351000F85EF /* WLRenderView.m in Sources */ = {isa = PBXBuildFile; fileRef = 79E436AB244E437700DAD61F /* WLRenderView.m */; };
		79E436AC244E437700DAD61F /* WLRenderView.m in Sources */ = {isa = PBXBuildFile; fileRef = 79E436AB244E437700DAD61F /* WLRenderView.m */; };
		79F552BE244E31C300BC9E96 /* AppDelegate.m in Sources */ = {isa = PBXBuildFile; fileRef = 79F552BD244E31C300BC9E96 /* AppDelegate.m */; };
		79F552C1244E31C300BC9E96 /* GameViewController.m in Sources */ = {isa = PBXBuildFile; fileRef = 79F552C0244E31C300BC9E96 /* GameViewController.m */; };
		79F552C4244E31C300BC9E96 /* Main.storyboard in Resources */ = {isa = PBXBuildFile; fileRef = 79F552C2244E31C300BC9E96 /* Main.storyboard */; };
		79F552C7244E31C300BC9E96 /* LaunchScreen.storyboard in Resources */ = {isa = PBXBuildFile; fileRef = 79F552C5244E31C300BC9E96 /* LaunchScreen.storyboard */; };
		79F552CA244E31C300BC9E96 /* main.m in Sources */ = {isa = PBXBuildFile; fileRef = 79F552C9244E31C300BC9E96 /* main.m */; };
		79F552D3244E31C300BC9E96 /* AppDelegate.m in Sources */ = {isa = PBXBuildFile; fileRef = 79F552D2244E31C300BC9E96 /* AppDelegate.m */; };
		79F552D6244E31C300BC9E96 /* GameViewController.m in Sources */ = {isa = PBXBuildFile; fileRef = 79F552D5244E31C300BC9E96 /* GameViewController.m */; };
		79F552D9244E31C300BC9E96 /* Main.storyboard in Resources */ = {isa = PBXBuildFile; fileRef = 79F552D7244E31C300BC9E96 /* Main.storyboard */; };
		79F552DC244E31C300BC9E96 /* LaunchScreen.storyboard in Resources */ = {isa = PBXBuildFile; fileRef = 79F552DA244E31C300BC9E96 /* LaunchScreen.storyboard */; };
		79F552DF244E31C300BC9E96 /* main.m in Sources */ = {isa = PBXBuildFile; fileRef = 79F552DE244E31C300BC9E96 /* main.m */; };
		79F552E8244E31C300BC9E96 /* AppDelegate.m in Sources */ = {isa = PBXBuildFile; fileRef = 79F552E7244E31C300BC9E96 /* AppDelegate.m */; };
		79F552EB244E31C300BC9E96 /* GameViewController.m in Sources */ = {isa = PBXBuildFile; fileRef = 79F552EA244E31C300BC9E96 /* GameViewController.m */; };
		79F552EE244E31C300BC9E96 /* Main.storyboard in Resources */ = {isa = PBXBuildFile; fileRef = 79F552EC244E31C300BC9E96 /* Main.storyboard */; };
		79F552F1244E31C300BC9E96 /* main.m in Sources */ = {isa = PBXBuildFile; fileRef = 79F552F0244E31C300BC9E96 /* main.m */; };
		79F552F5244E31C300BC9E96 /* Shaders.metal in Sources */ = {isa = PBXBuildFile; fileRef = 79F552B3244E31C000BC9E96 /* Shaders.metal */; };
		79F552F6244E31C300BC9E96 /* Shaders.metal in Sources */ = {isa = PBXBuildFile; fileRef = 79F552B3244E31C000BC9E96 /* Shaders.metal */; };
		79F552F7244E31C300BC9E96 /* Shaders.metal in Sources */ = {isa = PBXBuildFile; fileRef = 79F552B3244E31C000BC9E96 /* Shaders.metal */; };
		79F552F8244E31C300BC9E96 /* Assets.xcassets in Resources */ = {isa = PBXBuildFile; fileRef = 79F552B4244E31C300BC9E96 /* Assets.xcassets */; };
		79F552F9244E31C300BC9E96 /* Assets.xcassets in Resources */ = {isa = PBXBuildFile; fileRef = 79F552B4244E31C300BC9E96 /* Assets.xcassets */; };
		79F552FA244E31C300BC9E96 /* Assets.xcassets in Resources */ = {isa = PBXBuildFile; fileRef = 79F552B4244E31C300BC9E96 /* Assets.xcassets */; };
		79FC9DB42467744F00ADAEB3 /* WLImage.m in Sources */ = {isa = PBXBuildFile; fileRef = 79FC9DB32467744F00ADAEB3 /* WLImage.m */; };
		79FC9DB52467744F00ADAEB3 /* WLImage.m in Sources */ = {isa = PBXBuildFile; fileRef = 79FC9DB32467744F00ADAEB3 /* WLImage.m */; };
		79FC9DB62467744F00ADAEB3 /* WLImage.m in Sources */ = {isa = PBXBuildFile; fileRef = 79FC9DB32467744F00ADAEB3 /* WLImage.m */; };
		79FC9E1E246B426D00ADAEB3 /* dragon.obj in Resources */ = {isa = PBXBuildFile; fileRef = 79FC9DE0246B426D00ADAEB3 /* dragon.obj */; };
		79FC9E1F246B426D00ADAEB3 /* dragon.obj in Resources */ = {isa = PBXBuildFile; fileRef = 79FC9DE0246B426D00ADAEB3 /* dragon.obj */; };
		79FC9E20246B426D00ADAEB3 /* dragon.obj in Resources */ = {isa = PBXBuildFile; fileRef = 79FC9DE0246B426D00ADAEB3 /* dragon.obj */; };
		79FC9E21246B426D00ADAEB3 /* teapot.obj in Resources */ = {isa = PBXBuildFile; fileRef = 79FC9DE1246B426D00ADAEB3 /* teapot.obj */; };
		79FC9E22246B426D00ADAEB3 /* teapot.obj in Resources */ = {isa = PBXBuildFile; fileRef = 79FC9DE1246B426D00ADAEB3 /* teapot.obj */; };
		79FC9E23246B426D00ADAEB3 /* teapot.obj in Resources */ = {isa = PBXBuildFile; fileRef = 79FC9DE1246B426D00ADAEB3 /* teapot.obj */; };
		79FC9E24246B426D00ADAEB3 /* bs_ears.obj in Resources */ = {isa = PBXBuildFile; fileRef = 79FC9DE2246B426D00ADAEB3 /* bs_ears.obj */; };
		79FC9E25246B426D00ADAEB3 /* bs_ears.obj in Resources */ = {isa = PBXBuildFile; fileRef = 79FC9DE2246B426D00ADAEB3 /* bs_ears.obj */; };
		79FC9E26246B426D00ADAEB3 /* bs_ears.obj in Resources */ = {isa = PBXBuildFile; fileRef = 79FC9DE2246B426D00ADAEB3 /* bs_ears.obj */; };
		79FC9E27246B426D00ADAEB3 /* pig_triangulated.obj in Resources */ = {isa = PBXBuildFile; fileRef = 79FC9DE3246B426D00ADAEB3 /* pig_triangulated.obj */; };
		79FC9E28246B426D00ADAEB3 /* pig_triangulated.obj in Resources */ = {isa = PBXBuildFile; fileRef = 79FC9DE3246B426D00ADAEB3 /* pig_triangulated.obj */; };
		79FC9E29246B426D00ADAEB3 /* pig_triangulated.obj in Resources */ = {isa = PBXBuildFile; fileRef = 79FC9DE3246B426D00ADAEB3 /* pig_triangulated.obj */; };
		79FC9E2A246B426D00ADAEB3 /* building.obj in Resources */ = {isa = PBXBuildFile; fileRef = 79FC9DE4246B426D00ADAEB3 /* building.obj */; };
		79FC9E2B246B426D00ADAEB3 /* building.obj in Resources */ = {isa = PBXBuildFile; fileRef = 79FC9DE4246B426D00ADAEB3 /* building.obj */; };
		79FC9E2C246B426D00ADAEB3 /* building.obj in Resources */ = {isa = PBXBuildFile; fileRef = 79FC9DE4246B426D00ADAEB3 /* building.obj */; };
		79FC9E30246B426D00ADAEB3 /* bluewater.png in Resources */ = {isa = PBXBuildFile; fileRef = 79FC9DE7246B426D00ADAEB3 /* bluewater.png */; };
		79FC9E31246B426D00ADAEB3 /* bluewater.png in Resources */ = {isa = PBXBuildFile; fileRef = 79FC9DE7246B426D00ADAEB3 /* bluewater.png */; };
		79FC9E32246B426D00ADAEB3 /* bluewater.png in Resources */ = {isa = PBXBuildFile; fileRef = 79FC9DE7246B426D00ADAEB3 /* bluewater.png */; };
		79FC9E33246B426D00ADAEB3 /* mybrick-height.png in Resources */ = {isa = PBXBuildFile; fileRef = 79FC9DE9246B426D00ADAEB3 /* mybrick-height.png */; };
		79FC9E34246B426D00ADAEB3 /* mybrick-height.png in Resources */ = {isa = PBXBuildFile; fileRef = 79FC9DE9246B426D00ADAEB3 /* mybrick-height.png */; };
		79FC9E35246B426D00ADAEB3 /* mybrick-height.png in Resources */ = {isa = PBXBuildFile; fileRef = 79FC9DE9246B426D00ADAEB3 /* mybrick-height.png */; };
		79FC9E36246B426D00ADAEB3 /* mybrick-normal.png in Resources */ = {isa = PBXBuildFile; fileRef = 79FC9DEA246B426D00ADAEB3 /* mybrick-normal.png */; };
		79FC9E37246B426D00ADAEB3 /* mybrick-normal.png in Resources */ = {isa = PBXBuildFile; fileRef = 79FC9DEA246B426D00ADAEB3 /* mybrick-normal.png */; };
		79FC9E38246B426D00ADAEB3 /* mybrick-normal.png in Resources */ = {isa = PBXBuildFile; fileRef = 79FC9DEA246B426D00ADAEB3 /* mybrick-normal.png */; };
		79FC9E39246B426D00ADAEB3 /* mybrick-color.png in Resources */ = {isa = PBXBuildFile; fileRef = 79FC9DEB246B426D00ADAEB3 /* mybrick-color.png */; };
		79FC9E3A246B426D00ADAEB3 /* mybrick-color.png in Resources */ = {isa = PBXBuildFile; fileRef = 79FC9DEB246B426D00ADAEB3 /* mybrick-color.png */; };
		79FC9E3B246B426D00ADAEB3 /* mybrick-color.png in Resources */ = {isa = PBXBuildFile; fileRef = 79FC9DEB246B426D00ADAEB3 /* mybrick-color.png */; };
		79FC9E3C246B426D00ADAEB3 /* fire.png in Resources */ = {isa = PBXBuildFile; fileRef = 79FC9DEC246B426D00ADAEB3 /* fire.png */; };
		79FC9E3D246B426D00ADAEB3 /* fire.png in Resources */ = {isa = PBXBuildFile; fileRef = 79FC9DEC246B426D00ADAEB3 /* fire.png */; };
		79FC9E3E246B426D00ADAEB3 /* fire.png in Resources */ = {isa = PBXBuildFile; fileRef = 79FC9DEC246B426D00ADAEB3 /* fire.png */; };
		79FC9E3F246B426D00ADAEB3 /* brick1.jpg in Resources */ = {isa = PBXBuildFile; fileRef = 79FC9DED246B426D00ADAEB3 /* brick1.jpg */; };
		79FC9E40246B426D00ADAEB3 /* brick1.jpg in Resources */ = {isa = PBXBuildFile; fileRef = 79FC9DED246B426D00ADAEB3 /* brick1.jpg */; };
		79FC9E41246B426D00ADAEB3 /* brick1.jpg in Resources */ = {isa = PBXBuildFile; fileRef = 79FC9DED246B426D00ADAEB3 /* brick1.jpg */; };
		79FC9E42246B426D00ADAEB3 /* ogre_normalmap.png in Resources */ = {isa = PBXBuildFile; fileRef = 79FC9DEE246B426D00ADAEB3 /* ogre_normalmap.png */; };
		79FC9E43246B426D00ADAEB3 /* ogre_normalmap.png in Resources */ = {isa = PBXBuildFile; fileRef = 79FC9DEE246B426D00ADAEB3 /* ogre_normalmap.png */; };
		79FC9E44246B426D00ADAEB3 /* ogre_normalmap.png in Resources */ = {isa = PBXBuildFile; fileRef = 79FC9DEE246B426D00ADAEB3 /* ogre_normalmap.png */; };
		79FC9E45246B426D00ADAEB3 /* hardwood2_diffuse.jpg in Resources */ = {isa = PBXBuildFile; fileRef = 79FC9DEF246B426D00ADAEB3 /* hardwood2_diffuse.jpg */; };
		79FC9E46246B426D00ADAEB3 /* hardwood2_diffuse.jpg in Resources */ = {isa = PBXBuildFile; fileRef = 79FC9DEF246B426D00ADAEB3 /* hardwood2_diffuse.jpg */; };
		79FC9E47246B426D00ADAEB3 /* hardwood2_diffuse.jpg in Resources */ = {isa = PBXBuildFile; fileRef = 79FC9DEF246B426D00ADAEB3 /* hardwood2_diffuse.jpg */; };
		79FC9E48246B426D00ADAEB3 /* grace_posz.hdr in Resources */ = {isa = PBXBuildFile; fileRef = 79FC9DF2246B426D00ADAEB3 /* grace_posz.hdr */; };
		79FC9E49246B426D00ADAEB3 /* grace_posz.hdr in Resources */ = {isa = PBXBuildFile; fileRef = 79FC9DF2246B426D00ADAEB3 /* grace_posz.hdr */; };
		79FC9E4A246B426D00ADAEB3 /* grace_posz.hdr in Resources */ = {isa = PBXBuildFile; fileRef = 79FC9DF2246B426D00ADAEB3 /* grace_posz.hdr */; };
		79FC9E4B246B426D00ADAEB3 /* grace_posx.hdr in Resources */ = {isa = PBXBuildFile; fileRef = 79FC9DF3246B426D00ADAEB3 /* grace_posx.hdr */; };
		79FC9E4C246B426D00ADAEB3 /* grace_posx.hdr in Resources */ = {isa = PBXBuildFile; fileRef = 79FC9DF3246B426D00ADAEB3 /* grace_posx.hdr */; };
		79FC9E4D246B426D00ADAEB3 /* grace_posx.hdr in Resources */ = {isa = PBXBuildFile; fileRef = 79FC9DF3246B426D00ADAEB3 /* grace_posx.hdr */; };
		79FC9E4E246B426D00ADAEB3 /* grace_posy.hdr in Resources */ = {isa = PBXBuildFile; fileRef = 79FC9DF4246B426D00ADAEB3 /* grace_posy.hdr */; };
		79FC9E4F246B426D00ADAEB3 /* grace_posy.hdr in Resources */ = {isa = PBXBuildFile; fileRef = 79FC9DF4246B426D00ADAEB3 /* grace_posy.hdr */; };
		79FC9E50246B426D00ADAEB3 /* grace_posy.hdr in Resources */ = {isa = PBXBuildFile; fileRef = 79FC9DF4246B426D00ADAEB3 /* grace_posy.hdr */; };
		79FC9E54246B426D00ADAEB3 /* grace_negy.hdr in Resources */ = {isa = PBXBuildFile; fileRef = 79FC9DF6246B426D00ADAEB3 /* grace_negy.hdr */; };
		79FC9E55246B426D00ADAEB3 /* grace_negy.hdr in Resources */ = {isa = PBXBuildFile; fileRef = 79FC9DF6246B426D00ADAEB3 /* grace_negy.hdr */; };
		79FC9E56246B426D00ADAEB3 /* grace_negy.hdr in Resources */ = {isa = PBXBuildFile; fileRef = 79FC9DF6246B426D00ADAEB3 /* grace_negy.hdr */; };
		79FC9E57246B426D00ADAEB3 /* grace_negx.hdr in Resources */ = {isa = PBXBuildFile; fileRef = 79FC9DF7246B426D00ADAEB3 /* grace_negx.hdr */; };
		79FC9E58246B426D00ADAEB3 /* grace_negx.hdr in Resources */ = {isa = PBXBuildFile; fileRef = 79FC9DF7246B426D00ADAEB3 /* grace_negx.hdr */; };
		79FC9E59246B426D00ADAEB3 /* grace_negx.hdr in Resources */ = {isa = PBXBuildFile; fileRef = 79FC9DF7246B426D00ADAEB3 /* grace_negx.hdr */; };
		79FC9E5A246B426D00ADAEB3 /* grace_negz.hdr in Resources */ = {isa = PBXBuildFile; fileRef = 79FC9DF8246B426D00ADAEB3 /* grace_negz.hdr */; };
		79FC9E5B246B426D00ADAEB3 /* grace_negz.hdr in Resources */ = {isa = PBXBuildFile; fileRef = 79FC9DF8246B426D00ADAEB3 /* grace_negz.hdr */; };
		79FC9E5C246B426D00ADAEB3 /* grace_negz.hdr in Resources */ = {isa = PBXBuildFile; fileRef = 79FC9DF8246B426D00ADAEB3 /* grace_negz.hdr */; };
		79FC9E5D246B426D00ADAEB3 /* grace-diffuse_posz.hdr in Resources */ = {isa = PBXBuildFile; fileRef = 79FC9DFA246B426D00ADAEB3 /* grace-diffuse_posz.hdr */; };
		79FC9E5E246B426D00ADAEB3 /* grace-diffuse_posz.hdr in Resources */ = {isa = PBXBuildFile; fileRef = 79FC9DFA246B426D00ADAEB3 /* grace-diffuse_posz.hdr */; };
		79FC9E5F246B426D00ADAEB3 /* grace-diffuse_posz.hdr in Resources */ = {isa = PBXBuildFile; fileRef = 79FC9DFA246B426D00ADAEB3 /* grace-diffuse_posz.hdr */; };
		79FC9E60246B426D00ADAEB3 /* grace-diffuse_posy.hdr in Resources */ = {isa = PBXBuildFile; fileRef = 79FC9DFB246B426D00ADAEB3 /* grace-diffuse_posy.hdr */; };
		79FC9E61246B426D00ADAEB3 /* grace-diffuse_posy.hdr in Resources */ = {isa = PBXBuildFile; fileRef = 79FC9DFB246B426D00ADAEB3 /* grace-diffuse_posy.hdr */; };
		79FC9E62246B426D00ADAEB3 /* grace-diffuse_posy.hdr in Resources */ = {isa = PBXBuildFile; fileRef = 79FC9DFB246B426D00ADAEB3 /* grace-diffuse_posy.hdr */; };
		79FC9E63246B426D00ADAEB3 /* grace-diffuse_posx.hdr in Resources */ = {isa = PBXBuildFile; fileRef = 79FC9DFC246B426D00ADAEB3 /* grace-diffuse_posx.hdr */; };
		79FC9E64246B426D00ADAEB3 /* grace-diffuse_posx.hdr in Resources */ = {isa = PBXBuildFile; fileRef = 79FC9DFC246B426D00ADAEB3 /* grace-diffuse_posx.hdr */; };
		79FC9E65246B426D00ADAEB3 /* grace-diffuse_posx.hdr in Resources */ = {isa = PBXBuildFile; fileRef = 79FC9DFC246B426D00ADAEB3 /* grace-diffuse_posx.hdr */; };
		79FC9E69246B426D00ADAEB3 /* grace-diffuse_negx.hdr in Resources */ = {isa = PBXBuildFile; fileRef = 79FC9DFE246B426D00ADAEB3 /* grace-diffuse_negx.hdr */; };
		79FC9E6A246B426D00ADAEB3 /* grace-diffuse_negx.hdr in Resources */ = {isa = PBXBuildFile; fileRef = 79FC9DFE246B426D00ADAEB3 /* grace-diffuse_negx.hdr */; };
		79FC9E6B246B426D00ADAEB3 /* grace-diffuse_negx.hdr in Resources */ = {isa = PBXBuildFile; fileRef = 79FC9DFE246B426D00ADAEB3 /* grace-diffuse_negx.hdr */; };
		79FC9E6C246B426D00ADAEB3 /* grace-diffuse_negy.hdr in Resources */ = {isa = PBXBuildFile; fileRef = 79FC9DFF246B426D00ADAEB3 /* grace-diffuse_negy.hdr */; };
		79FC9E6D246B426D00ADAEB3 /* grace-diffuse_negy.hdr in Resources */ = {isa = PBXBuildFile; fileRef = 79FC9DFF246B426D00ADAEB3 /* grace-diffuse_negy.hdr */; };
		79FC9E6E246B426D00ADAEB3 /* grace-diffuse_negy.hdr in Resources */ = {isa = PBXBuildFile; fileRef = 79FC9DFF246B426D00ADAEB3 /* grace-diffuse_negy.hdr */; };
		79FC9E6F246B426D00ADAEB3 /* grace-diffuse_negz.hdr in Resources */ = {isa = PBXBuildFile; fileRef = 79FC9E00246B426D00ADAEB3 /* grace-diffuse_negz.hdr */; };
		79FC9E70246B426D00ADAEB3 /* grace-diffuse_negz.hdr in Resources */ = {isa = PBXBuildFile; fileRef = 79FC9E00246B426D00ADAEB3 /* grace-diffuse_negz.hdr */; };
		79FC9E71246B426D00ADAEB3 /* grace-diffuse_negz.hdr in Resources */ = {isa = PBXBuildFile; fileRef = 79FC9E00246B426D00ADAEB3 /* grace-diffuse_negz.hdr */; };
		79FC9E72246B426D00ADAEB3 /* pisa_posz.png in Resources */ = {isa = PBXBuildFile; fileRef = 79FC9E02246B426D00ADAEB3 /* pisa_posz.png */; };
		79FC9E73246B426D00ADAEB3 /* pisa_posz.png in Resources */ = {isa = PBXBuildFile; fileRef = 79FC9E02246B426D00ADAEB3 /* pisa_posz.png */; };
		79FC9E74246B426D00ADAEB3 /* pisa_posz.png in Resources */ = {isa = PBXBuildFile; fileRef = 79FC9E02246B426D00ADAEB3 /* pisa_posz.png */; };
		79FC9E75246B426D00ADAEB3 /* pisa_posx.png in Resources */ = {isa = PBXBuildFile; fileRef = 79FC9E03246B426D00ADAEB3 /* pisa_posx.png */; };
		79FC9E76246B426D00ADAEB3 /* pisa_posx.png in Resources */ = {isa = PBXBuildFile; fileRef = 79FC9E03246B426D00ADAEB3 /* pisa_posx.png */; };
		79FC9E77246B426D00ADAEB3 /* pisa_posx.png in Resources */ = {isa = PBXBuildFile; fileRef = 79FC9E03246B426D00ADAEB3 /* pisa_posx.png */; };
		79FC9E78246B426D00ADAEB3 /* pisa_posy.png in Resources */ = {isa = PBXBuildFile; fileRef = 79FC9E04246B426D00ADAEB3 /* pisa_posy.png */; };
		79FC9E79246B426D00ADAEB3 /* pisa_posy.png in Resources */ = {isa = PBXBuildFile; fileRef = 79FC9E04246B426D00ADAEB3 /* pisa_posy.png */; };
		79FC9E7A246B426D00ADAEB3 /* pisa_posy.png in Resources */ = {isa = PBXBuildFile; fileRef = 79FC9E04246B426D00ADAEB3 /* pisa_posy.png */; };
		79FC9E7B246B426D00ADAEB3 /* pisa_negy.png in Resources */ = {isa = PBXBuildFile; fileRef = 79FC9E05246B426D00ADAEB3 /* pisa_negy.png */; };
		79FC9E7C246B426D00ADAEB3 /* pisa_negy.png in Resources */ = {isa = PBXBuildFile; fileRef = 79FC9E05246B426D00ADAEB3 /* pisa_negy.png */; };
		79FC9E7D246B426D00ADAEB3 /* pisa_negy.png in Resources */ = {isa = PBXBuildFile; fileRef = 79FC9E05246B426D00ADAEB3 /* pisa_negy.png */; };
		79FC9E7E246B426D00ADAEB3 /* pisa_negx.png in Resources */ = {isa = PBXBuildFile; fileRef = 79FC9E06246B426D00ADAEB3 /* pisa_negx.png */; };
		79FC9E7F246B426D00ADAEB3 /* pisa_negx.png in Resources */ = {isa = PBXBuildFile; fileRef = 79FC9E06246B426D00ADAEB3 /* pisa_negx.png */; };
		79FC9E80246B426D00ADAEB3 /* pisa_negx.png in Resources */ = {isa = PBXBuildFile; fileRef = 79FC9E06246B426D00ADAEB3 /* pisa_negx.png */; };
		79FC9E81246B426D00ADAEB3 /* pisa_negz.png in Resources */ = {isa = PBXBuildFile; fileRef = 79FC9E07246B426D00ADAEB3 /* pisa_negz.png */; };
		79FC9E82246B426D00ADAEB3 /* pisa_negz.png in Resources */ = {isa = PBXBuildFile; fileRef = 79FC9E07246B426D00ADAEB3 /* pisa_negz.png */; };
		79FC9E83246B426D00ADAEB3 /* pisa_negz.png in Resources */ = {isa = PBXBuildFile; fileRef = 79FC9E07246B426D00ADAEB3 /* pisa_negz.png */; };
		79FC9E84246B426D00ADAEB3 /* pisa_posz.hdr in Resources */ = {isa = PBXBuildFile; fileRef = 79FC9E09246B426D00ADAEB3 /* pisa_posz.hdr */; };
		79FC9E85246B426D00ADAEB3 /* pisa_posz.hdr in Resources */ = {isa = PBXBuildFile; fileRef = 79FC9E09246B426D00ADAEB3 /* pisa_posz.hdr */; };
		79FC9E86246B426D00ADAEB3 /* pisa_posz.hdr in Resources */ = {isa = PBXBuildFile; fileRef = 79FC9E09246B426D00ADAEB3 /* pisa_posz.hdr */; };
		79FC9E87246B426D00ADAEB3 /* pisa_posy.hdr in Resources */ = {isa = PBXBuildFile; fileRef = 79FC9E0A246B426D00ADAEB3 /* pisa_posy.hdr */; };
		79FC9E88246B426D00ADAEB3 /* pisa_posy.hdr in Resources */ = {isa = PBXBuildFile; fileRef = 79FC9E0A246B426D00ADAEB3 /* pisa_posy.hdr */; };
		79FC9E89246B426D00ADAEB3 /* pisa_posy.hdr in Resources */ = {isa = PBXBuildFile; fileRef = 79FC9E0A246B426D00ADAEB3 /* pisa_posy.hdr */; };
		79FC9E8A246B426D00ADAEB3 /* pisa_posx.hdr in Resources */ = {isa = PBXBuildFile; fileRef = 79FC9E0B246B426D00ADAEB3 /* pisa_posx.hdr */; };
		79FC9E8B246B426D00ADAEB3 /* pisa_posx.hdr in Resources */ = {isa = PBXBuildFile; fileRef = 79FC9E0B246B426D00ADAEB3 /* pisa_posx.hdr */; };
		79FC9E8C246B426D00ADAEB3 /* pisa_posx.hdr in Resources */ = {isa = PBXBuildFile; fileRef = 79FC9E0B246B426D00ADAEB3 /* pisa_posx.hdr */; };
		79FC9E8D246B426D00ADAEB3 /* pisa_negx.hdr in Resources */ = {isa = PBXBuildFile; fileRef = 79FC9E0C246B426D00ADAEB3 /* pisa_negx.hdr */; };
		79FC9E8E246B426D00ADAEB3 /* pisa_negx.hdr in Resources */ = {isa = PBXBuildFile; fileRef = 79FC9E0C246B426D00ADAEB3 /* pisa_negx.hdr */; };
		79FC9E8F246B426D00ADAEB3 /* pisa_negx.hdr in Resources */ = {isa = PBXBuildFile; fileRef = 79FC9E0C246B426D00ADAEB3 /* pisa_negx.hdr */; };
		79FC9E90246B426D00ADAEB3 /* pisa_negy.hdr in Resources */ = {isa = PBXBuildFile; fileRef = 79FC9E0D246B426D00ADAEB3 /* pisa_negy.hdr */; };
		79FC9E91246B426D00ADAEB3 /* pisa_negy.hdr in Resources */ = {isa = PBXBuildFile; fileRef = 79FC9E0D246B426D00ADAEB3 /* pisa_negy.hdr */; };
		79FC9E92246B426D00ADAEB3 /* pisa_negy.hdr in Resources */ = {isa = PBXBuildFile; fileRef = 79FC9E0D246B426D00ADAEB3 /* pisa_negy.hdr */; };
		79FC9E93246B426D00ADAEB3 /* pisa_negz.hdr in Resources */ = {isa = PBXBuildFile; fileRef = 79FC9E0E246B426D00ADAEB3 /* pisa_negz.hdr */; };
		79FC9E94246B426D00ADAEB3 /* pisa_negz.hdr in Resources */ = {isa = PBXBuildFile; fileRef = 79FC9E0E246B426D00ADAEB3 /* pisa_negz.hdr */; };
		79FC9E95246B426D00ADAEB3 /* pisa_negz.hdr in Resources */ = {isa = PBXBuildFile; fileRef = 79FC9E0E246B426D00ADAEB3 /* pisa_negz.hdr */; };
		79FC9E96246B426D00ADAEB3 /* hardwood2_roughness.jpg in Resources */ = {isa = PBXBuildFile; fileRef = 79FC9E0F246B426D00ADAEB3 /* hardwood2_roughness.jpg */; };
		79FC9E97246B426D00ADAEB3 /* hardwood2_roughness.jpg in Resources */ = {isa = PBXBuildFile; fileRef = 79FC9E0F246B426D00ADAEB3 /* hardwood2_roughness.jpg */; };
		79FC9E98246B426D00ADAEB3 /* hardwood2_roughness.jpg in Resources */ = {isa = PBXBuildFile; fileRef = 79FC9E0F246B426D00ADAEB3 /* hardwood2_roughness.jpg */; };
		79FC9E99246B426D00ADAEB3 /* ao_ears.png in Resources */ = {isa = PBXBuildFile; fileRef = 79FC9E10246B426D00ADAEB3 /* ao_ears.png */; };
		79FC9E9A246B426D00ADAEB3 /* ao_ears.png in Resources */ = {isa = PBXBuildFile; fileRef = 79FC9E10246B426D00ADAEB3 /* ao_ears.png */; };
		79FC9E9B246B426D00ADAEB3 /* ao_ears.png in Resources */ = {isa = PBXBuildFile; fileRef = 79FC9E10246B426D00ADAEB3 /* ao_ears.png */; };
		79FC9E9C246B426D00ADAEB3 /* ogre_diffuse.png in Resources */ = {isa = PBXBuildFile; fileRef = 79FC9E11246B426D00ADAEB3 /* ogre_diffuse.png */; };
		79FC9E9D246B426D00ADAEB3 /* ogre_diffuse.png in Resources */ = {isa = PBXBuildFile; fileRef = 79FC9E11246B426D00ADAEB3 /* ogre_diffuse.png */; };
		79FC9E9E246B426D00ADAEB3 /* ogre_diffuse.png in Resources */ = {isa = PBXBuildFile; fileRef = 79FC9E11246B426D00ADAEB3 /* ogre_diffuse.png */; };
		79FC9E9F246B426D00ADAEB3 /* cement.jpg in Resources */ = {isa = PBXBuildFile; fileRef = 79FC9E12246B426D00ADAEB3 /* cement.jpg */; };
		79FC9EA0246B426D00ADAEB3 /* cement.jpg in Resources */ = {isa = PBXBuildFile; fileRef = 79FC9E12246B426D00ADAEB3 /* cement.jpg */; };
		79FC9EA1246B426D00ADAEB3 /* cement.jpg in Resources */ = {isa = PBXBuildFile; fileRef = 79FC9E12246B426D00ADAEB3 /* cement.jpg */; };
		79FC9EA2246B426D00ADAEB3 /* utc32.tga in Resources */ = {isa = PBXBuildFile; fileRef = 79FC9E13246B426D00ADAEB3 /* utc32.tga */; };
		79FC9EA3246B426D00ADAEB3 /* utc32.tga in Resources */ = {isa = PBXBuildFile; fileRef = 79FC9E13246B426D00ADAEB3 /* utc32.tga */; };
		79FC9EA4246B426D00ADAEB3 /* utc32.tga in Resources */ = {isa = PBXBuildFile; fileRef = 79FC9E13246B426D00ADAEB3 /* utc32.tga */; };
		79FC9EA5246B426D00ADAEB3 /* flower.png in Resources */ = {isa = PBXBuildFile; fileRef = 79FC9E14246B426D00ADAEB3 /* flower.png */; };
		79FC9EA6246B426D00ADAEB3 /* flower.png in Resources */ = {isa = PBXBuildFile; fileRef = 79FC9E14246B426D00ADAEB3 /* flower.png */; };
		79FC9EA7246B426D00ADAEB3 /* flower.png in Resources */ = {isa = PBXBuildFile; fileRef = 79FC9E14246B426D00ADAEB3 /* flower.png */; };
		79FC9EA8246B426D00ADAEB3 /* smoke.png in Resources */ = {isa = PBXBuildFile; fileRef = 79FC9E15246B426D00ADAEB3 /* smoke.png */; };
		79FC9EA9246B426D00ADAEB3 /* smoke.png in Resources */ = {isa = PBXBuildFile; fileRef = 79FC9E15246B426D00ADAEB3 /* smoke.png */; };
		79FC9EAA246B426D00ADAEB3 /* smoke.png in Resources */ = {isa = PBXBuildFile; fileRef = 79FC9E15246B426D00ADAEB3 /* smoke.png */; };
		79FC9EAB246B426D00ADAEB3 /* star.png in Resources */ = {isa = PBXBuildFile; fileRef = 79FC9E16246B426D00ADAEB3 /* star.png */; };
		79FC9EAC246B426D00ADAEB3 /* star.png in Resources */ = {isa = PBXBuildFile; fileRef = 79FC9E16246B426D00ADAEB3 /* star.png */; };
		79FC9EAD246B426D00ADAEB3 /* star.png in Resources */ = {isa = PBXBuildFile; fileRef = 79FC9E16246B426D00ADAEB3 /* star.png */; };
		79FC9EAE246B426D00ADAEB3 /* me_textile.png in Resources */ = {isa = PBXBuildFile; fileRef = 79FC9E17246B426D00ADAEB3 /* me_textile.png */; };
		79FC9EAF246B426D00ADAEB3 /* me_textile.png in Resources */ = {isa = PBXBuildFile; fileRef = 79FC9E17246B426D00ADAEB3 /* me_textile.png */; };
		79FC9EB0246B426D00ADAEB3 /* me_textile.png in Resources */ = {isa = PBXBuildFile; fileRef = 79FC9E17246B426D00ADAEB3 /* me_textile.png */; };
		79FC9EB1246B426D00ADAEB3 /* image.tga in Resources */ = {isa = PBXBuildFile; fileRef = 79FC9E18246B426D00ADAEB3 /* image.tga */; };
		79FC9EB2246B426D00ADAEB3 /* image.tga in Resources */ = {isa = PBXBuildFile; fileRef = 79FC9E18246B426D00ADAEB3 /* image.tga */; };
		79FC9EB3246B426D00ADAEB3 /* image.tga in Resources */ = {isa = PBXBuildFile; fileRef = 79FC9E18246B426D00ADAEB3 /* image.tga */; };
		79FC9EB4246B426D00ADAEB3 /* moss.png in Resources */ = {isa = PBXBuildFile; fileRef = 79FC9E19246B426D00ADAEB3 /* moss.png */; };
		79FC9EB5246B426D00ADAEB3 /* moss.png in Resources */ = {isa = PBXBuildFile; fileRef = 79FC9E19246B426D00ADAEB3 /* moss.png */; };
		79FC9EB6246B426D00ADAEB3 /* moss.png in Resources */ = {isa = PBXBuildFile; fileRef = 79FC9E19246B426D00ADAEB3 /* moss.png */; };
		79FC9EB7246B426D00ADAEB3 /* spot_texture.png in Resources */ = {isa = PBXBuildFile; fileRef = 79FC9E1B246B426D00ADAEB3 /* spot_texture.png */; };
		79FC9EB8246B426D00ADAEB3 /* spot_texture.png in Resources */ = {isa = PBXBuildFile; fileRef = 79FC9E1B246B426D00ADAEB3 /* spot_texture.png */; };
		79FC9EB9246B426D00ADAEB3 /* spot_texture.png in Resources */ = {isa = PBXBuildFile; fileRef = 79FC9E1B246B426D00ADAEB3 /* spot_texture.png */; };
		79FC9EBA246B426D00ADAEB3 /* spot_triangulated.obj in Resources */ = {isa = PBXBuildFile; fileRef = 79FC9E1C246B426D00ADAEB3 /* spot_triangulated.obj */; };
		79FC9EBB246B426D00ADAEB3 /* spot_triangulated.obj in Resources */ = {isa = PBXBuildFile; fileRef = 79FC9E1C246B426D00ADAEB3 /* spot_triangulated.obj */; };
		79FC9EBC246B426D00ADAEB3 /* spot_triangulated.obj in Resources */ = {isa = PBXBuildFile; fileRef = 79FC9E1C246B426D00ADAEB3 /* spot_triangulated.obj */; };
/* End PBXBuildFile section */

/* Begin PBXFileReference section */
		79CBED9024524DE300916540 /* WLMath.h */ = {isa = PBXFileReference; lastKnownFileType = sourcecode.c.h; path = WLMath.h; sourceTree = "<group>"; };
		79CBED9124524DE300916540 /* WLMath.c */ = {isa = PBXFileReference; lastKnownFileType = sourcecode.c.c; path = WLMath.c; sourceTree = "<group>"; };
		79DAE055245463C8000F85EF /* WLRenderer.h */ = {isa = PBXFileReference; lastKnownFileType = sourcecode.c.h; path = WLRenderer.h; sourceTree = "<group>"; };
		79DAE056245463C8000F85EF /* WLRenderer.m */ = {isa = PBXFileReference; lastKnownFileType = sourcecode.c.objc; path = WLRenderer.m; sourceTree = "<group>"; };
		79DAE05B24546440000F85EF /* WLTypes.h */ = {isa = PBXFileReference; lastKnownFileType = sourcecode.c.h; path = WLTypes.h; sourceTree = "<group>"; };
		79DAE05C2454DF87000F85EF /* WLMesh.h */ = {isa = PBXFileReference; lastKnownFileType = sourcecode.c.h; path = WLMesh.h; sourceTree = "<group>"; };
		79DAE05D2454DF87000F85EF /* WLMesh.m */ = {isa = PBXFileReference; lastKnownFileType = sourcecode.c.objc; path = WLMesh.m; sourceTree = "<group>"; };
		79DAE0672455A494000F85EF /* WLUtils.h */ = {isa = PBXFileReference; lastKnownFileType = sourcecode.c.h; path = WLUtils.h; sourceTree = "<group>"; };
		79DAE0682455A494000F85EF /* WLUtils.m */ = {isa = PBXFileReference; lastKnownFileType = sourcecode.c.objc; path = WLUtils.m; sourceTree = "<group>"; };
		79DAE06C2455ABE8000F85EF /* WLActor.h */ = {isa = PBXFileReference; lastKnownFileType = sourcecode.c.h; path = WLActor.h; sourceTree = "<group>"; };
		79DAE06D2455ABE8000F85EF /* WLActor.m */ = {isa = PBXFileReference; lastKnownFileType = sourcecode.c.objc; path = WLActor.m; sourceTree = "<group>"; };
		79DAE0712455B0EC000F85EF /* WLCamera.h */ = {isa = PBXFileReference; lastKnownFileType = sourcecode.c.h; path = WLCamera.h; sourceTree = "<group>"; };
		79DAE0722455B0EC000F85EF /* WLCamera.m */ = {isa = PBXFileReference; lastKnownFileType = sourcecode.c.objc; path = WLCamera.m; sourceTree = "<group>"; };
		79DAE07A2455C50E000F85EF /* WLResourceMesh.h */ = {isa = PBXFileReference; lastKnownFileType = sourcecode.c.h; path = WLResourceMesh.h; sourceTree = "<group>"; };
		79DAE07B2455C50E000F85EF /* WLResourceMesh.m */ = {isa = PBXFileReference; lastKnownFileType = sourcecode.c.objc; path = WLResourceMesh.m; sourceTree = "<group>"; };
		79DAE093245768A6000F85EF /* WLScene.h */ = {isa = PBXFileReference; lastKnownFileType = sourcecode.c.h; path = WLScene.h; sourceTree = "<group>"; };
		79DAE094245768A6000F85EF /* WLScene.m */ = {isa = PBXFileReference; lastKnownFileType = sourcecode.c.objc; path = WLScene.m; sourceTree = "<group>"; };
		79DAE09A24576C79000F85EF /* MBEOBJGroup.h */ = {isa = PBXFileReference; lastKnownFileType = sourcecode.c.h; path = MBEOBJGroup.h; sourceTree = "<group>"; };
		79DAE09B24576C79000F85EF /* MBEOBJModel.mm */ = {isa = PBXFileReference; lastKnownFileType = sourcecode.cpp.objcpp; path = MBEOBJModel.mm; sourceTree = "<group>"; };
		79DAE09C24576C79000F85EF /* MBEOBJModel.h */ = {isa = PBXFileReference; lastKnownFileType = sourcecode.c.h; path = MBEOBJModel.h; sourceTree = "<group>"; };
		79DAE09D24576C79000F85EF /* MBEOBJGroup.mm */ = {isa = PBXFileReference; lastKnownFileType = sourcecode.cpp.objcpp; path = MBEOBJGroup.mm; sourceTree = "<group>"; };
		79DAE0A424576DAB000F85EF /* WLOBJActor.h */ = {isa = PBXFileReference; lastKnownFileType = sourcecode.c.h; path = WLOBJActor.h; sourceTree = "<group>"; };
		79DAE0A524576DAB000F85EF /* WLOBJActor.m */ = {isa = PBXFileReference; lastKnownFileType = sourcecode.c.objc; path = WLOBJActor.m; sourceTree = "<group>"; };
		79DAE0B32458BE9F000F85EF /* WLPlane.h */ = {isa = PBXFileReference; lastKnownFileType = sourcecode.c.h; path = WLPlane.h; sourceTree = "<group>"; };
		79DAE0B42458BE9F000F85EF /* WLPlane.m */ = {isa = PBXFileReference; lastKnownFileType = sourcecode.c.objc; path = WLPlane.m; sourceTree = "<group>"; };
		79DAE0B62458C04C000F85EF /* WLPlaneMesh.h */ = {isa = PBXFileReference; lastKnownFileType = sourcecode.c.h; path = WLPlaneMesh.h; sourceTree = "<group>"; };
		79DAE0B72458C04C000F85EF /* WLPlaneMesh.m */ = {isa = PBXFileReference; lastKnownFileType = sourcecode.c.objc; path = WLPlaneMesh.m; sourceTree = "<group>"; };
		79E436AA244E437700DAD61F /* WLRenderView.h */ = {isa = PBXFileReference; lastKnownFileType = sourcecode.c.h; path = WLRenderView.h; sourceTree = "<group>"; };
		79E436AB244E437700DAD61F /* WLRenderView.m */ = {isa = PBXFileReference; lastKnownFileType = sourcecode.c.objc; path = WLRenderView.m; sourceTree = "<group>"; };
		79F552B3244E31C000BC9E96 /* Shaders.metal */ = {isa = PBXFileReference; lastKnownFileType = sourcecode.metal; path = Shaders.metal; sourceTree = "<group>"; };
		79F552B4244E31C300BC9E96 /* Assets.xcassets */ = {isa = PBXFileReference; lastKnownFileType = folder.assetcatalog; path = Assets.xcassets; sourceTree = "<group>"; };
		79F552B9244E31C300BC9E96 /* MetalExperiments.app */ = {isa = PBXFileReference; explicitFileType = wrapper.application; includeInIndex = 0; path = MetalExperiments.app; sourceTree = BUILT_PRODUCTS_DIR; };
		79F552BC244E31C300BC9E96 /* AppDelegate.h */ = {isa = PBXFileReference; lastKnownFileType = sourcecode.c.h; path = AppDelegate.h; sourceTree = "<group>"; };
		79F552BD244E31C300BC9E96 /* AppDelegate.m */ = {isa = PBXFileReference; lastKnownFileType = sourcecode.c.objc; path = AppDelegate.m; sourceTree = "<group>"; };
		79F552BF244E31C300BC9E96 /* GameViewController.h */ = {isa = PBXFileReference; lastKnownFileType = sourcecode.c.h; path = GameViewController.h; sourceTree = "<group>"; };
		79F552C0244E31C300BC9E96 /* GameViewController.m */ = {isa = PBXFileReference; lastKnownFileType = sourcecode.c.objc; path = GameViewController.m; sourceTree = "<group>"; };
		79F552C3244E31C300BC9E96 /* Base */ = {isa = PBXFileReference; lastKnownFileType = file.storyboard; name = Base; path = Base.lproj/Main.storyboard; sourceTree = "<group>"; };
		79F552C6244E31C300BC9E96 /* Base */ = {isa = PBXFileReference; lastKnownFileType = file.storyboard; name = Base; path = Base.lproj/LaunchScreen.storyboard; sourceTree = "<group>"; };
		79F552C8244E31C300BC9E96 /* Info.plist */ = {isa = PBXFileReference; lastKnownFileType = text.plist.xml; path = Info.plist; sourceTree = "<group>"; };
		79F552C9244E31C300BC9E96 /* main.m */ = {isa = PBXFileReference; lastKnownFileType = sourcecode.c.objc; path = main.m; sourceTree = "<group>"; };
		79F552CF244E31C300BC9E96 /* MetalExperiments.app */ = {isa = PBXFileReference; explicitFileType = wrapper.application; includeInIndex = 0; path = MetalExperiments.app; sourceTree = BUILT_PRODUCTS_DIR; };
		79F552D1244E31C300BC9E96 /* AppDelegate.h */ = {isa = PBXFileReference; lastKnownFileType = sourcecode.c.h; path = AppDelegate.h; sourceTree = "<group>"; };
		79F552D2244E31C300BC9E96 /* AppDelegate.m */ = {isa = PBXFileReference; lastKnownFileType = sourcecode.c.objc; path = AppDelegate.m; sourceTree = "<group>"; };
		79F552D4244E31C300BC9E96 /* GameViewController.h */ = {isa = PBXFileReference; lastKnownFileType = sourcecode.c.h; path = GameViewController.h; sourceTree = "<group>"; };
		79F552D5244E31C300BC9E96 /* GameViewController.m */ = {isa = PBXFileReference; lastKnownFileType = sourcecode.c.objc; path = GameViewController.m; sourceTree = "<group>"; };
		79F552D8244E31C300BC9E96 /* Base */ = {isa = PBXFileReference; lastKnownFileType = file.storyboard; name = Base; path = Base.lproj/Main.storyboard; sourceTree = "<group>"; };
		79F552DB244E31C300BC9E96 /* Base */ = {isa = PBXFileReference; lastKnownFileType = file.storyboard; name = Base; path = Base.lproj/LaunchScreen.storyboard; sourceTree = "<group>"; };
		79F552DD244E31C300BC9E96 /* Info.plist */ = {isa = PBXFileReference; lastKnownFileType = text.plist.xml; path = Info.plist; sourceTree = "<group>"; };
		79F552DE244E31C300BC9E96 /* main.m */ = {isa = PBXFileReference; lastKnownFileType = sourcecode.c.objc; path = main.m; sourceTree = "<group>"; };
		79F552E4244E31C300BC9E96 /* MetalExperiments.app */ = {isa = PBXFileReference; explicitFileType = wrapper.application; includeInIndex = 0; path = MetalExperiments.app; sourceTree = BUILT_PRODUCTS_DIR; };
		79F552E6244E31C300BC9E96 /* AppDelegate.h */ = {isa = PBXFileReference; lastKnownFileType = sourcecode.c.h; path = AppDelegate.h; sourceTree = "<group>"; };
		79F552E7244E31C300BC9E96 /* AppDelegate.m */ = {isa = PBXFileReference; lastKnownFileType = sourcecode.c.objc; path = AppDelegate.m; sourceTree = "<group>"; };
		79F552E9244E31C300BC9E96 /* GameViewController.h */ = {isa = PBXFileReference; lastKnownFileType = sourcecode.c.h; path = GameViewController.h; sourceTree = "<group>"; };
		79F552EA244E31C300BC9E96 /* GameViewController.m */ = {isa = PBXFileReference; lastKnownFileType = sourcecode.c.objc; path = GameViewController.m; sourceTree = "<group>"; };
		79F552ED244E31C300BC9E96 /* Base */ = {isa = PBXFileReference; lastKnownFileType = file.storyboard; name = Base; path = Base.lproj/Main.storyboard; sourceTree = "<group>"; };
		79F552EF244E31C300BC9E96 /* Info.plist */ = {isa = PBXFileReference; lastKnownFileType = text.plist.xml; path = Info.plist; sourceTree = "<group>"; };
		79F552F0244E31C300BC9E96 /* main.m */ = {isa = PBXFileReference; lastKnownFileType = sourcecode.c.objc; path = main.m; sourceTree = "<group>"; };
		79FC9DB22467744F00ADAEB3 /* WLImage.h */ = {isa = PBXFileReference; lastKnownFileType = sourcecode.c.h; path = WLImage.h; sourceTree = "<group>"; };
		79FC9DB32467744F00ADAEB3 /* WLImage.m */ = {isa = PBXFileReference; lastKnownFileType = sourcecode.c.objc; path = WLImage.m; sourceTree = "<group>"; };
		79FC9DDD246B375F00ADAEB3 /* WLShaderTypes.h */ = {isa = PBXFileReference; lastKnownFileType = sourcecode.c.h; path = WLShaderTypes.h; sourceTree = "<group>"; };
		79FC9DE0246B426D00ADAEB3 /* dragon.obj */ = {isa = PBXFileReference; fileEncoding = 4; lastKnownFileType = text; path = dragon.obj; sourceTree = "<group>"; };
		79FC9DE1246B426D00ADAEB3 /* teapot.obj */ = {isa = PBXFileReference; fileEncoding = 4; lastKnownFileType = text; path = teapot.obj; sourceTree = "<group>"; };
		79FC9DE2246B426D00ADAEB3 /* bs_ears.obj */ = {isa = PBXFileReference; fileEncoding = 4; lastKnownFileType = text; path = bs_ears.obj; sourceTree = "<group>"; };
		79FC9DE3246B426D00ADAEB3 /* pig_triangulated.obj */ = {isa = PBXFileReference; fileEncoding = 4; lastKnownFileType = text; path = pig_triangulated.obj; sourceTree = "<group>"; };
		79FC9DE4246B426D00ADAEB3 /* building.obj */ = {isa = PBXFileReference; fileEncoding = 4; lastKnownFileType = text; path = building.obj; sourceTree = "<group>"; };
		79FC9DE7246B426D00ADAEB3 /* bluewater.png */ = {isa = PBXFileReference; lastKnownFileType = image.png; path = bluewater.png; sourceTree = "<group>"; };
		79FC9DE9246B426D00ADAEB3 /* mybrick-height.png */ = {isa = PBXFileReference; lastKnownFileType = image.png; path = "mybrick-height.png"; sourceTree = "<group>"; };
		79FC9DEA246B426D00ADAEB3 /* mybrick-normal.png */ = {isa = PBXFileReference; lastKnownFileType = image.png; path = "mybrick-normal.png"; sourceTree = "<group>"; };
		79FC9DEB246B426D00ADAEB3 /* mybrick-color.png */ = {isa = PBXFileReference; lastKnownFileType = image.png; path = "mybrick-color.png"; sourceTree = "<group>"; };
		79FC9DEC246B426D00ADAEB3 /* fire.png */ = {isa = PBXFileReference; lastKnownFileType = image.png; path = fire.png; sourceTree = "<group>"; };
		79FC9DED246B426D00ADAEB3 /* brick1.jpg */ = {isa = PBXFileReference; lastKnownFileType = image.jpeg; path = brick1.jpg; sourceTree = "<group>"; };
		79FC9DEE246B426D00ADAEB3 /* ogre_normalmap.png */ = {isa = PBXFileReference; lastKnownFileType = image.png; path = ogre_normalmap.png; sourceTree = "<group>"; };
		79FC9DEF246B426D00ADAEB3 /* hardwood2_diffuse.jpg */ = {isa = PBXFileReference; lastKnownFileType = image.jpeg; path = hardwood2_diffuse.jpg; sourceTree = "<group>"; };
		79FC9DF2246B426D00ADAEB3 /* grace_posz.hdr */ = {isa = PBXFileReference; lastKnownFileType = file; path = grace_posz.hdr; sourceTree = "<group>"; };
		79FC9DF3246B426D00ADAEB3 /* grace_posx.hdr */ = {isa = PBXFileReference; lastKnownFileType = file; path = grace_posx.hdr; sourceTree = "<group>"; };
		79FC9DF4246B426D00ADAEB3 /* grace_posy.hdr */ = {isa = PBXFileReference; lastKnownFileType = file; path = grace_posy.hdr; sourceTree = "<group>"; };
		79FC9DF5246B426D00ADAEB3 /* README */ = {isa = PBXFileReference; fileEncoding = 4; lastKnownFileType = text; path = README; sourceTree = "<group>"; };
		79FC9DF6246B426D00ADAEB3 /* grace_negy.hdr */ = {isa = PBXFileReference; lastKnownFileType = file; path = grace_negy.hdr; sourceTree = "<group>"; };
		79FC9DF7246B426D00ADAEB3 /* grace_negx.hdr */ = {isa = PBXFileReference; lastKnownFileType = file; path = grace_negx.hdr; sourceTree = "<group>"; };
		79FC9DF8246B426D00ADAEB3 /* grace_negz.hdr */ = {isa = PBXFileReference; lastKnownFileType = file; path = grace_negz.hdr; sourceTree = "<group>"; };
		79FC9DFA246B426D00ADAEB3 /* grace-diffuse_posz.hdr */ = {isa = PBXFileReference; lastKnownFileType = file; path = "grace-diffuse_posz.hdr"; sourceTree = "<group>"; };
		79FC9DFB246B426D00ADAEB3 /* grace-diffuse_posy.hdr */ = {isa = PBXFileReference; lastKnownFileType = file; path = "grace-diffuse_posy.hdr"; sourceTree = "<group>"; };
		79FC9DFC246B426D00ADAEB3 /* grace-diffuse_posx.hdr */ = {isa = PBXFileReference; lastKnownFileType = file; path = "grace-diffuse_posx.hdr"; sourceTree = "<group>"; };
		79FC9DFD246B426D00ADAEB3 /* README */ = {isa = PBXFileReference; fileEncoding = 4; lastKnownFileType = text; path = README; sourceTree = "<group>"; };
		79FC9DFE246B426D00ADAEB3 /* grace-diffuse_negx.hdr */ = {isa = PBXFileReference; lastKnownFileType = file; path = "grace-diffuse_negx.hdr"; sourceTree = "<group>"; };
		79FC9DFF246B426D00ADAEB3 /* grace-diffuse_negy.hdr */ = {isa = PBXFileReference; lastKnownFileType = file; path = "grace-diffuse_negy.hdr"; sourceTree = "<group>"; };
		79FC9E00246B426D00ADAEB3 /* grace-diffuse_negz.hdr */ = {isa = PBXFileReference; lastKnownFileType = file; path = "grace-diffuse_negz.hdr"; sourceTree = "<group>"; };
		79FC9E02246B426D00ADAEB3 /* pisa_posz.png */ = {isa = PBXFileReference; lastKnownFileType = image.png; path = pisa_posz.png; sourceTree = "<group>"; };
		79FC9E03246B426D00ADAEB3 /* pisa_posx.png */ = {isa = PBXFileReference; lastKnownFileType = image.png; path = pisa_posx.png; sourceTree = "<group>"; };
		79FC9E04246B426D00ADAEB3 /* pisa_posy.png */ = {isa = PBXFileReference; lastKnownFileType = image.png; path = pisa_posy.png; sourceTree = "<group>"; };
		79FC9E05246B426D00ADAEB3 /* pisa_negy.png */ = {isa = PBXFileReference; lastKnownFileType = image.png; path = pisa_negy.png; sourceTree = "<group>"; };
		79FC9E06246B426D00ADAEB3 /* pisa_negx.png */ = {isa = PBXFileReference; lastKnownFileType = image.png; path = pisa_negx.png; sourceTree = "<group>"; };
		79FC9E07246B426D00ADAEB3 /* pisa_negz.png */ = {isa = PBXFileReference; lastKnownFileType = image.png; path = pisa_negz.png; sourceTree = "<group>"; };
		79FC9E09246B426D00ADAEB3 /* pisa_posz.hdr */ = {isa = PBXFileReference; lastKnownFileType = file; path = pisa_posz.hdr; sourceTree = "<group>"; };
		79FC9E0A246B426D00ADAEB3 /* pisa_posy.hdr */ = {isa = PBXFileReference; lastKnownFileType = file; path = pisa_posy.hdr; sourceTree = "<group>"; };
		79FC9E0B246B426D00ADAEB3 /* pisa_posx.hdr */ = {isa = PBXFileReference; lastKnownFileType = file; path = pisa_posx.hdr; sourceTree = "<group>"; };
		79FC9E0C246B426D00ADAEB3 /* pisa_negx.hdr */ = {isa = PBXFileReference; lastKnownFileType = file; path = pisa_negx.hdr; sourceTree = "<group>"; };
		79FC9E0D246B426D00ADAEB3 /* pisa_negy.hdr */ = {isa = PBXFileReference; lastKnownFileType = file; path = pisa_negy.hdr; sourceTree = "<group>"; };
		79FC9E0E246B426D00ADAEB3 /* pisa_negz.hdr */ = {isa = PBXFileReference; lastKnownFileType = file; path = pisa_negz.hdr; sourceTree = "<group>"; };
		79FC9E0F246B426D00ADAEB3 /* hardwood2_roughness.jpg */ = {isa = PBXFileReference; lastKnownFileType = image.jpeg; path = hardwood2_roughness.jpg; sourceTree = "<group>"; };
		79FC9E10246B426D00ADAEB3 /* ao_ears.png */ = {isa = PBXFileReference; lastKnownFileType = image.png; path = ao_ears.png; sourceTree = "<group>"; };
		79FC9E11246B426D00ADAEB3 /* ogre_diffuse.png */ = {isa = PBXFileReference; lastKnownFileType = image.png; path = ogre_diffuse.png; sourceTree = "<group>"; };
		79FC9E12246B426D00ADAEB3 /* cement.jpg */ = {isa = PBXFileReference; lastKnownFileType = image.jpeg; path = cement.jpg; sourceTree = "<group>"; };
		79FC9E13246B426D00ADAEB3 /* utc32.tga */ = {isa = PBXFileReference; lastKnownFileType = file; path = utc32.tga; sourceTree = "<group>"; };
		79FC9E14246B426D00ADAEB3 /* flower.png */ = {isa = PBXFileReference; lastKnownFileType = image.png; path = flower.png; sourceTree = "<group>"; };
		79FC9E15246B426D00ADAEB3 /* smoke.png */ = {isa = PBXFileReference; lastKnownFileType = image.png; path = smoke.png; sourceTree = "<group>"; };
		79FC9E16246B426D00ADAEB3 /* star.png */ = {isa = PBXFileReference; lastKnownFileType = image.png; path = star.png; sourceTree = "<group>"; };
		79FC9E17246B426D00ADAEB3 /* me_textile.png */ = {isa = PBXFileReference; lastKnownFileType = image.png; path = me_textile.png; sourceTree = "<group>"; };
		79FC9E18246B426D00ADAEB3 /* image.tga */ = {isa = PBXFileReference; lastKnownFileType = file; path = image.tga; sourceTree = "<group>"; };
		79FC9E19246B426D00ADAEB3 /* moss.png */ = {isa = PBXFileReference; lastKnownFileType = image.png; path = moss.png; sourceTree = "<group>"; };
		79FC9E1B246B426D00ADAEB3 /* spot_texture.png */ = {isa = PBXFileReference; lastKnownFileType = image.png; path = spot_texture.png; sourceTree = "<group>"; };
		79FC9E1C246B426D00ADAEB3 /* spot_triangulated.obj */ = {isa = PBXFileReference; fileEncoding = 4; lastKnownFileType = text; path = spot_triangulated.obj; sourceTree = "<group>"; };
		79FC9E1D246B426D00ADAEB3 /* README.txt */ = {isa = PBXFileReference; fileEncoding = 4; lastKnownFileType = text; path = README.txt; sourceTree = "<group>"; };
/* End PBXFileReference section */

/* Begin PBXFrameworksBuildPhase section */
		79F552B6244E31C300BC9E96 /* Frameworks */ = {
			isa = PBXFrameworksBuildPhase;
			buildActionMask = 2147483647;
			files = (
			);
			runOnlyForDeploymentPostprocessing = 0;
		};
		79F552CC244E31C300BC9E96 /* Frameworks */ = {
			isa = PBXFrameworksBuildPhase;
			buildActionMask = 2147483647;
			files = (
			);
			runOnlyForDeploymentPostprocessing = 0;
		};
		79F552E1244E31C300BC9E96 /* Frameworks */ = {
			isa = PBXFrameworksBuildPhase;
			buildActionMask = 2147483647;
			files = (
			);
			runOnlyForDeploymentPostprocessing = 0;
		};
/* End PBXFrameworksBuildPhase section */

/* Begin PBXGroup section */
		796FE043257934AD00330924 /* Model Loader */ = {
			isa = PBXGroup;
			children = (
				79DAE09A24576C79000F85EF /* MBEOBJGroup.h */,
				79DAE09D24576C79000F85EF /* MBEOBJGroup.mm */,
				79DAE09C24576C79000F85EF /* MBEOBJModel.h */,
				79DAE09B24576C79000F85EF /* MBEOBJModel.mm */,
			);
			name = "Model Loader";
			sourceTree = "<group>";
		};
		79DAE06124559DDB000F85EF /* Mesh */ = {
			isa = PBXGroup;
			children = (
				79DAE05C2454DF87000F85EF /* WLMesh.h */,
				79DAE05D2454DF87000F85EF /* WLMesh.m */,
				79DAE07A2455C50E000F85EF /* WLResourceMesh.h */,
				79DAE07B2455C50E000F85EF /* WLResourceMesh.m */,
				79DAE0B62458C04C000F85EF /* WLPlaneMesh.h */,
				79DAE0B72458C04C000F85EF /* WLPlaneMesh.m */,
			);
			name = Mesh;
			sourceTree = "<group>";
		};
		79DAE09924576C79000F85EF /* Utils */ = {
			isa = PBXGroup;
			children = (
				796FE043257934AD00330924 /* Model Loader */,
				79CBED9024524DE300916540 /* WLMath.h */,
				79CBED9124524DE300916540 /* WLMath.c */,
				79DAE0672455A494000F85EF /* WLUtils.h */,
				79DAE0682455A494000F85EF /* WLUtils.m */,
				79FC9DB22467744F00ADAEB3 /* WLImage.h */,
				79FC9DB32467744F00ADAEB3 /* WLImage.m */,
			);
			name = Utils;
			sourceTree = "<group>";
		};
		79DAE0A024576CF2000F85EF /* Renderer */ = {
			isa = PBXGroup;
			children = (
				79DAE05B24546440000F85EF /* WLTypes.h */,
				79FC9DDD246B375F00ADAEB3 /* WLShaderTypes.h */,
				79F552B3244E31C000BC9E96 /* Shaders.metal */,
				79DAE055245463C8000F85EF /* WLRenderer.h */,
				79DAE056245463C8000F85EF /* WLRenderer.m */,
				79E436AA244E437700DAD61F /* WLRenderView.h */,
				79E436AB244E437700DAD61F /* WLRenderView.m */,
			);
			name = Renderer;
			sourceTree = "<group>";
		};
		79DAE0A124576D0C000F85EF /* Scene */ = {
			isa = PBXGroup;
			children = (
				79DAE093245768A6000F85EF /* WLScene.h */,
				79DAE094245768A6000F85EF /* WLScene.m */,
				79DAE0712455B0EC000F85EF /* WLCamera.h */,
				79DAE0722455B0EC000F85EF /* WLCamera.m */,
				79DAE0A324576D91000F85EF /* Actors */,
				79DAE06124559DDB000F85EF /* Mesh */,
			);
			name = Scene;
			sourceTree = "<group>";
		};
		79DAE0A324576D91000F85EF /* Actors */ = {
			isa = PBXGroup;
			children = (
				79DAE06C2455ABE8000F85EF /* WLActor.h */,
				79DAE06D2455ABE8000F85EF /* WLActor.m */,
				79DAE0A424576DAB000F85EF /* WLOBJActor.h */,
				79DAE0A524576DAB000F85EF /* WLOBJActor.m */,
				79DAE0B32458BE9F000F85EF /* WLPlane.h */,
				79DAE0B42458BE9F000F85EF /* WLPlane.m */,
			);
			name = Actors;
			sourceTree = "<group>";
		};
		79F552AA244E31C000BC9E96 = {
			isa = PBXGroup;
			children = (
				79F552AF244E31C000BC9E96 /* MetalExperiments Shared */,
				79F552BB244E31C300BC9E96 /* MetalExperiments iOS */,
				79F552D0244E31C300BC9E96 /* MetalExperiments tvOS */,
				79F552E5244E31C300BC9E96 /* MetalExperiments macOS */,
				79F552BA244E31C300BC9E96 /* Products */,
			);
			sourceTree = "<group>";
		};
		79F552AF244E31C000BC9E96 /* MetalExperiments Shared */ = {
			isa = PBXGroup;
			children = (
				79F552B4244E31C300BC9E96 /* Assets.xcassets */,
				79FC9DDE246B426D00ADAEB3 /* assets */,
				79DAE0A024576CF2000F85EF /* Renderer */,
				79DAE0A124576D0C000F85EF /* Scene */,
				79DAE09924576C79000F85EF /* Utils */,
			);
			path = "MetalExperiments Shared";
			sourceTree = "<group>";
		};
		79F552BA244E31C300BC9E96 /* Products */ = {
			isa = PBXGroup;
			children = (
				79F552B9244E31C300BC9E96 /* MetalExperiments.app */,
				79F552CF244E31C300BC9E96 /* MetalExperiments.app */,
				79F552E4244E31C300BC9E96 /* MetalExperiments.app */,
			);
			name = Products;
			sourceTree = "<group>";
		};
		79F552BB244E31C300BC9E96 /* MetalExperiments iOS */ = {
			isa = PBXGroup;
			children = (
				79F552BC244E31C300BC9E96 /* AppDelegate.h */,
				79F552BD244E31C300BC9E96 /* AppDelegate.m */,
				79F552BF244E31C300BC9E96 /* GameViewController.h */,
				79F552C0244E31C300BC9E96 /* GameViewController.m */,
				79F552C2244E31C300BC9E96 /* Main.storyboard */,
				79F552C5244E31C300BC9E96 /* LaunchScreen.storyboard */,
				79F552C8244E31C300BC9E96 /* Info.plist */,
				79F552C9244E31C300BC9E96 /* main.m */,
			);
			path = "MetalExperiments iOS";
			sourceTree = "<group>";
		};
		79F552D0244E31C300BC9E96 /* MetalExperiments tvOS */ = {
			isa = PBXGroup;
			children = (
				79F552D1244E31C300BC9E96 /* AppDelegate.h */,
				79F552D2244E31C300BC9E96 /* AppDelegate.m */,
				79F552D4244E31C300BC9E96 /* GameViewController.h */,
				79F552D5244E31C300BC9E96 /* GameViewController.m */,
				79F552D7244E31C300BC9E96 /* Main.storyboard */,
				79F552DA244E31C300BC9E96 /* LaunchScreen.storyboard */,
				79F552DD244E31C300BC9E96 /* Info.plist */,
				79F552DE244E31C300BC9E96 /* main.m */,
			);
			path = "MetalExperiments tvOS";
			sourceTree = "<group>";
		};
		79F552E5244E31C300BC9E96 /* MetalExperiments macOS */ = {
			isa = PBXGroup;
			children = (
				79F552E6244E31C300BC9E96 /* AppDelegate.h */,
				79F552E7244E31C300BC9E96 /* AppDelegate.m */,
				79F552E9244E31C300BC9E96 /* GameViewController.h */,
				79F552EA244E31C300BC9E96 /* GameViewController.m */,
				79F552EC244E31C300BC9E96 /* Main.storyboard */,
				79F552EF244E31C300BC9E96 /* Info.plist */,
				79F552F0244E31C300BC9E96 /* main.m */,
			);
			path = "MetalExperiments macOS";
			sourceTree = "<group>";
		};
		79FC9DDE246B426D00ADAEB3 /* assets */ = {
			isa = PBXGroup;
			children = (
				79FC9DDF246B426D00ADAEB3 /* models */,
				79FC9DE6246B426D00ADAEB3 /* texture */,
				79FC9E1A246B426D00ADAEB3 /* spot */,
			);
			path = assets;
			sourceTree = SOURCE_ROOT;
		};
		79FC9DDF246B426D00ADAEB3 /* models */ = {
			isa = PBXGroup;
			children = (
				79FC9DE0246B426D00ADAEB3 /* dragon.obj */,
				79FC9DE1246B426D00ADAEB3 /* teapot.obj */,
				79FC9DE2246B426D00ADAEB3 /* bs_ears.obj */,
				79FC9DE3246B426D00ADAEB3 /* pig_triangulated.obj */,
				79FC9DE4246B426D00ADAEB3 /* building.obj */,
			);
			path = models;
			sourceTree = "<group>";
		};
		79FC9DE6246B426D00ADAEB3 /* texture */ = {
			isa = PBXGroup;
			children = (
				79FC9DE7246B426D00ADAEB3 /* bluewater.png */,
				79FC9DE8246B426D00ADAEB3 /* mybrick */,
				79FC9DEC246B426D00ADAEB3 /* fire.png */,
				79FC9DED246B426D00ADAEB3 /* brick1.jpg */,
				79FC9DEE246B426D00ADAEB3 /* ogre_normalmap.png */,
				79FC9DEF246B426D00ADAEB3 /* hardwood2_diffuse.jpg */,
				79FC9DF0246B426D00ADAEB3 /* cube */,
				79FC9E0F246B426D00ADAEB3 /* hardwood2_roughness.jpg */,
				79FC9E10246B426D00ADAEB3 /* ao_ears.png */,
				79FC9E11246B426D00ADAEB3 /* ogre_diffuse.png */,
				79FC9E12246B426D00ADAEB3 /* cement.jpg */,
				79FC9E13246B426D00ADAEB3 /* utc32.tga */,
				79FC9E14246B426D00ADAEB3 /* flower.png */,
				79FC9E15246B426D00ADAEB3 /* smoke.png */,
				79FC9E16246B426D00ADAEB3 /* star.png */,
				79FC9E17246B426D00ADAEB3 /* me_textile.png */,
				79FC9E18246B426D00ADAEB3 /* image.tga */,
				79FC9E19246B426D00ADAEB3 /* moss.png */,
			);
			path = texture;
			sourceTree = "<group>";
		};
		79FC9DE8246B426D00ADAEB3 /* mybrick */ = {
			isa = PBXGroup;
			children = (
				79FC9DE9246B426D00ADAEB3 /* mybrick-height.png */,
				79FC9DEA246B426D00ADAEB3 /* mybrick-normal.png */,
				79FC9DEB246B426D00ADAEB3 /* mybrick-color.png */,
			);
			path = mybrick;
			sourceTree = "<group>";
		};
		79FC9DF0246B426D00ADAEB3 /* cube */ = {
			isa = PBXGroup;
			children = (
				79FC9DF1246B426D00ADAEB3 /* grace */,
				79FC9DF9246B426D00ADAEB3 /* grace-diffuse */,
				79FC9E01246B426D00ADAEB3 /* pisa */,
				79FC9E08246B426D00ADAEB3 /* pisa-hdr */,
			);
			path = cube;
			sourceTree = "<group>";
		};
		79FC9DF1246B426D00ADAEB3 /* grace */ = {
			isa = PBXGroup;
			children = (
				79FC9DF2246B426D00ADAEB3 /* grace_posz.hdr */,
				79FC9DF3246B426D00ADAEB3 /* grace_posx.hdr */,
				79FC9DF4246B426D00ADAEB3 /* grace_posy.hdr */,
				79FC9DF5246B426D00ADAEB3 /* README */,
				79FC9DF6246B426D00ADAEB3 /* grace_negy.hdr */,
				79FC9DF7246B426D00ADAEB3 /* grace_negx.hdr */,
				79FC9DF8246B426D00ADAEB3 /* grace_negz.hdr */,
			);
			path = grace;
			sourceTree = "<group>";
		};
		79FC9DF9246B426D00ADAEB3 /* grace-diffuse */ = {
			isa = PBXGroup;
			children = (
				79FC9DFA246B426D00ADAEB3 /* grace-diffuse_posz.hdr */,
				79FC9DFB246B426D00ADAEB3 /* grace-diffuse_posy.hdr */,
				79FC9DFC246B426D00ADAEB3 /* grace-diffuse_posx.hdr */,
				79FC9DFD246B426D00ADAEB3 /* README */,
				79FC9DFE246B426D00ADAEB3 /* grace-diffuse_negx.hdr */,
				79FC9DFF246B426D00ADAEB3 /* grace-diffuse_negy.hdr */,
				79FC9E00246B426D00ADAEB3 /* grace-diffuse_negz.hdr */,
			);
			path = "grace-diffuse";
			sourceTree = "<group>";
		};
		79FC9E01246B426D00ADAEB3 /* pisa */ = {
			isa = PBXGroup;
			children = (
				79FC9E02246B426D00ADAEB3 /* pisa_posz.png */,
				79FC9E03246B426D00ADAEB3 /* pisa_posx.png */,
				79FC9E04246B426D00ADAEB3 /* pisa_posy.png */,
				79FC9E05246B426D00ADAEB3 /* pisa_negy.png */,
				79FC9E06246B426D00ADAEB3 /* pisa_negx.png */,
				79FC9E07246B426D00ADAEB3 /* pisa_negz.png */,
			);
			path = pisa;
			sourceTree = "<group>";
		};
		79FC9E08246B426D00ADAEB3 /* pisa-hdr */ = {
			isa = PBXGroup;
			children = (
				79FC9E09246B426D00ADAEB3 /* pisa_posz.hdr */,
				79FC9E0A246B426D00ADAEB3 /* pisa_posy.hdr */,
				79FC9E0B246B426D00ADAEB3 /* pisa_posx.hdr */,
				79FC9E0C246B426D00ADAEB3 /* pisa_negx.hdr */,
				79FC9E0D246B426D00ADAEB3 /* pisa_negy.hdr */,
				79FC9E0E246B426D00ADAEB3 /* pisa_negz.hdr */,
			);
			path = "pisa-hdr";
			sourceTree = "<group>";
		};
		79FC9E1A246B426D00ADAEB3 /* spot */ = {
			isa = PBXGroup;
			children = (
				79FC9E1B246B426D00ADAEB3 /* spot_texture.png */,
				79FC9E1C246B426D00ADAEB3 /* spot_triangulated.obj */,
				79FC9E1D246B426D00ADAEB3 /* README.txt */,
			);
			path = spot;
			sourceTree = "<group>";
		};
/* End PBXGroup section */

/* Begin PBXNativeTarget section */
		79F552B8244E31C300BC9E96 /* MetalExperiments iOS */ = {
			isa = PBXNativeTarget;
			buildConfigurationList = 79F552FD244E31C300BC9E96 /* Build configuration list for PBXNativeTarget "MetalExperiments iOS" */;
			buildPhases = (
				79F552B5244E31C300BC9E96 /* Sources */,
				79F552B6244E31C300BC9E96 /* Frameworks */,
				79F552B7244E31C300BC9E96 /* Resources */,
			);
			buildRules = (
			);
			dependencies = (
			);
			name = "MetalExperiments iOS";
			productName = "MetalExperiments iOS";
			productReference = 79F552B9244E31C300BC9E96 /* MetalExperiments.app */;
			productType = "com.apple.product-type.application";
		};
		79F552CE244E31C300BC9E96 /* MetalExperiments tvOS */ = {
			isa = PBXNativeTarget;
			buildConfigurationList = 79F55300244E31C300BC9E96 /* Build configuration list for PBXNativeTarget "MetalExperiments tvOS" */;
			buildPhases = (
				79F552CB244E31C300BC9E96 /* Sources */,
				79F552CC244E31C300BC9E96 /* Frameworks */,
				79F552CD244E31C300BC9E96 /* Resources */,
			);
			buildRules = (
			);
			dependencies = (
			);
			name = "MetalExperiments tvOS";
			productName = "MetalExperiments tvOS";
			productReference = 79F552CF244E31C300BC9E96 /* MetalExperiments.app */;
			productType = "com.apple.product-type.application";
		};
		79F552E3244E31C300BC9E96 /* MetalExperiments macOS */ = {
			isa = PBXNativeTarget;
			buildConfigurationList = 79F55303244E31C300BC9E96 /* Build configuration list for PBXNativeTarget "MetalExperiments macOS" */;
			buildPhases = (
				79F552E0244E31C300BC9E96 /* Sources */,
				79F552E1244E31C300BC9E96 /* Frameworks */,
				79F552E2244E31C300BC9E96 /* Resources */,
				796FE01B25792CF000330924 /* ShellScript */,
			);
			buildRules = (
			);
			dependencies = (
			);
			name = "MetalExperiments macOS";
			productName = "MetalExperiments macOS";
			productReference = 79F552E4244E31C300BC9E96 /* MetalExperiments.app */;
			productType = "com.apple.product-type.application";
		};
/* End PBXNativeTarget section */

/* Begin PBXProject section */
		79F552AB244E31C000BC9E96 /* Project object */ = {
			isa = PBXProject;
			attributes = {
				LastUpgradeCheck = 1130;
				ORGANIZATIONNAME = whackylabs;
				TargetAttributes = {
					79F552B8244E31C300BC9E96 = {
						CreatedOnToolsVersion = 11.3.1;
					};
					79F552CE244E31C300BC9E96 = {
						CreatedOnToolsVersion = 11.3.1;
					};
					79F552E3244E31C300BC9E96 = {
						CreatedOnToolsVersion = 11.3.1;
					};
				};
			};
			buildConfigurationList = 79F552AE244E31C000BC9E96 /* Build configuration list for PBXProject "MetalExperiments" */;
			compatibilityVersion = "Xcode 9.3";
			developmentRegion = en;
			hasScannedForEncodings = 0;
			knownRegions = (
				en,
				Base,
			);
			mainGroup = 79F552AA244E31C000BC9E96;
			productRefGroup = 79F552BA244E31C300BC9E96 /* Products */;
			projectDirPath = "";
			projectRoot = "";
			targets = (
				79F552B8244E31C300BC9E96 /* MetalExperiments iOS */,
				79F552CE244E31C300BC9E96 /* MetalExperiments tvOS */,
				79F552E3244E31C300BC9E96 /* MetalExperiments macOS */,
			);
		};
/* End PBXProject section */

/* Begin PBXResourcesBuildPhase section */
		79F552B7244E31C300BC9E96 /* Resources */ = {
			isa = PBXResourcesBuildPhase;
			buildActionMask = 2147483647;
			files = (
				79FC9E4B246B426D00ADAEB3 /* grace_posx.hdr in Resources */,
				79FC9E9C246B426D00ADAEB3 /* ogre_diffuse.png in Resources */,
				79FC9E36246B426D00ADAEB3 /* mybrick-normal.png in Resources */,
				79FC9E7E246B426D00ADAEB3 /* pisa_negx.png in Resources */,
				79FC9E7B246B426D00ADAEB3 /* pisa_negy.png in Resources */,
				79F552C4244E31C300BC9E96 /* Main.storyboard in Resources */,
				79FC9E75246B426D00ADAEB3 /* pisa_posx.png in Resources */,
				79FC9E27246B426D00ADAEB3 /* pig_triangulated.obj in Resources */,
				79FC9E30246B426D00ADAEB3 /* bluewater.png in Resources */,
				79FC9E69246B426D00ADAEB3 /* grace-diffuse_negx.hdr in Resources */,
				79FC9E81246B426D00ADAEB3 /* pisa_negz.png in Resources */,
				79FC9EAE246B426D00ADAEB3 /* me_textile.png in Resources */,
				79FC9E39246B426D00ADAEB3 /* mybrick-color.png in Resources */,
				79FC9E5D246B426D00ADAEB3 /* grace-diffuse_posz.hdr in Resources */,
				79FC9E90246B426D00ADAEB3 /* pisa_negy.hdr in Resources */,
				79FC9E8D246B426D00ADAEB3 /* pisa_negx.hdr in Resources */,
				79FC9E45246B426D00ADAEB3 /* hardwood2_diffuse.jpg in Resources */,
				79FC9E33246B426D00ADAEB3 /* mybrick-height.png in Resources */,
				79FC9EB1246B426D00ADAEB3 /* image.tga in Resources */,
				79FC9E57246B426D00ADAEB3 /* grace_negx.hdr in Resources */,
				79FC9E3C246B426D00ADAEB3 /* fire.png in Resources */,
				79FC9E42246B426D00ADAEB3 /* ogre_normalmap.png in Resources */,
				79F552F8244E31C300BC9E96 /* Assets.xcassets in Resources */,
				79FC9E2A246B426D00ADAEB3 /* building.obj in Resources */,
				79FC9EA5246B426D00ADAEB3 /* flower.png in Resources */,
				79FC9E5A246B426D00ADAEB3 /* grace_negz.hdr in Resources */,
				79FC9EAB246B426D00ADAEB3 /* star.png in Resources */,
				79FC9EB4246B426D00ADAEB3 /* moss.png in Resources */,
				79FC9E1E246B426D00ADAEB3 /* dragon.obj in Resources */,
				79FC9E4E246B426D00ADAEB3 /* grace_posy.hdr in Resources */,
				79FC9E48246B426D00ADAEB3 /* grace_posz.hdr in Resources */,
				79FC9E87246B426D00ADAEB3 /* pisa_posy.hdr in Resources */,
				79FC9EB7246B426D00ADAEB3 /* spot_texture.png in Resources */,
				79FC9E3F246B426D00ADAEB3 /* brick1.jpg in Resources */,
				79FC9E99246B426D00ADAEB3 /* ao_ears.png in Resources */,
				79FC9E6F246B426D00ADAEB3 /* grace-diffuse_negz.hdr in Resources */,
				79FC9E72246B426D00ADAEB3 /* pisa_posz.png in Resources */,
				79FC9E6C246B426D00ADAEB3 /* grace-diffuse_negy.hdr in Resources */,
				79FC9E8A246B426D00ADAEB3 /* pisa_posx.hdr in Resources */,
				79FC9EA8246B426D00ADAEB3 /* smoke.png in Resources */,
				79FC9EA2246B426D00ADAEB3 /* utc32.tga in Resources */,
				79FC9E78246B426D00ADAEB3 /* pisa_posy.png in Resources */,
				79FC9E60246B426D00ADAEB3 /* grace-diffuse_posy.hdr in Resources */,
				79FC9E54246B426D00ADAEB3 /* grace_negy.hdr in Resources */,
				79FC9EBA246B426D00ADAEB3 /* spot_triangulated.obj in Resources */,
				79FC9E96246B426D00ADAEB3 /* hardwood2_roughness.jpg in Resources */,
				79FC9E9F246B426D00ADAEB3 /* cement.jpg in Resources */,
				79F552C7244E31C300BC9E96 /* LaunchScreen.storyboard in Resources */,
				79FC9E93246B426D00ADAEB3 /* pisa_negz.hdr in Resources */,
				79FC9E21246B426D00ADAEB3 /* teapot.obj in Resources */,
				79FC9E24246B426D00ADAEB3 /* bs_ears.obj in Resources */,
				79FC9E63246B426D00ADAEB3 /* grace-diffuse_posx.hdr in Resources */,
				79FC9E84246B426D00ADAEB3 /* pisa_posz.hdr in Resources */,
			);
			runOnlyForDeploymentPostprocessing = 0;
		};
		79F552CD244E31C300BC9E96 /* Resources */ = {
			isa = PBXResourcesBuildPhase;
			buildActionMask = 2147483647;
			files = (
				79FC9E4C246B426D00ADAEB3 /* grace_posx.hdr in Resources */,
				79FC9E9D246B426D00ADAEB3 /* ogre_diffuse.png in Resources */,
				79FC9E37246B426D00ADAEB3 /* mybrick-normal.png in Resources */,
				79FC9E7F246B426D00ADAEB3 /* pisa_negx.png in Resources */,
				79FC9E7C246B426D00ADAEB3 /* pisa_negy.png in Resources */,
				79F552D9244E31C300BC9E96 /* Main.storyboard in Resources */,
				79FC9E76246B426D00ADAEB3 /* pisa_posx.png in Resources */,
				79FC9E28246B426D00ADAEB3 /* pig_triangulated.obj in Resources */,
				79FC9E31246B426D00ADAEB3 /* bluewater.png in Resources */,
				79FC9E6A246B426D00ADAEB3 /* grace-diffuse_negx.hdr in Resources */,
				79FC9E82246B426D00ADAEB3 /* pisa_negz.png in Resources */,
				79FC9EAF246B426D00ADAEB3 /* me_textile.png in Resources */,
				79FC9E3A246B426D00ADAEB3 /* mybrick-color.png in Resources */,
				79FC9E5E246B426D00ADAEB3 /* grace-diffuse_posz.hdr in Resources */,
				79FC9E91246B426D00ADAEB3 /* pisa_negy.hdr in Resources */,
				79FC9E8E246B426D00ADAEB3 /* pisa_negx.hdr in Resources */,
				79FC9E46246B426D00ADAEB3 /* hardwood2_diffuse.jpg in Resources */,
				79FC9E34246B426D00ADAEB3 /* mybrick-height.png in Resources */,
				79FC9EB2246B426D00ADAEB3 /* image.tga in Resources */,
				79FC9E58246B426D00ADAEB3 /* grace_negx.hdr in Resources */,
				79FC9E3D246B426D00ADAEB3 /* fire.png in Resources */,
				79FC9E43246B426D00ADAEB3 /* ogre_normalmap.png in Resources */,
				79F552F9244E31C300BC9E96 /* Assets.xcassets in Resources */,
				79FC9E2B246B426D00ADAEB3 /* building.obj in Resources */,
				79FC9EA6246B426D00ADAEB3 /* flower.png in Resources */,
				79FC9E5B246B426D00ADAEB3 /* grace_negz.hdr in Resources */,
				79FC9EAC246B426D00ADAEB3 /* star.png in Resources */,
				79FC9EB5246B426D00ADAEB3 /* moss.png in Resources */,
				79FC9E1F246B426D00ADAEB3 /* dragon.obj in Resources */,
				79FC9E4F246B426D00ADAEB3 /* grace_posy.hdr in Resources */,
				79FC9E49246B426D00ADAEB3 /* grace_posz.hdr in Resources */,
				79FC9E88246B426D00ADAEB3 /* pisa_posy.hdr in Resources */,
				79FC9EB8246B426D00ADAEB3 /* spot_texture.png in Resources */,
				79FC9E40246B426D00ADAEB3 /* brick1.jpg in Resources */,
				79FC9E9A246B426D00ADAEB3 /* ao_ears.png in Resources */,
				79FC9E70246B426D00ADAEB3 /* grace-diffuse_negz.hdr in Resources */,
				79FC9E73246B426D00ADAEB3 /* pisa_posz.png in Resources */,
				79FC9E6D246B426D00ADAEB3 /* grace-diffuse_negy.hdr in Resources */,
				79FC9E8B246B426D00ADAEB3 /* pisa_posx.hdr in Resources */,
				79FC9EA9246B426D00ADAEB3 /* smoke.png in Resources */,
				79FC9EA3246B426D00ADAEB3 /* utc32.tga in Resources */,
				79FC9E79246B426D00ADAEB3 /* pisa_posy.png in Resources */,
				79FC9E61246B426D00ADAEB3 /* grace-diffuse_posy.hdr in Resources */,
				79FC9E55246B426D00ADAEB3 /* grace_negy.hdr in Resources */,
				79FC9EBB246B426D00ADAEB3 /* spot_triangulated.obj in Resources */,
				79FC9E97246B426D00ADAEB3 /* hardwood2_roughness.jpg in Resources */,
				79FC9EA0246B426D00ADAEB3 /* cement.jpg in Resources */,
				79F552DC244E31C300BC9E96 /* LaunchScreen.storyboard in Resources */,
				79FC9E94246B426D00ADAEB3 /* pisa_negz.hdr in Resources */,
				79FC9E22246B426D00ADAEB3 /* teapot.obj in Resources */,
				79FC9E25246B426D00ADAEB3 /* bs_ears.obj in Resources */,
				79FC9E64246B426D00ADAEB3 /* grace-diffuse_posx.hdr in Resources */,
				79FC9E85246B426D00ADAEB3 /* pisa_posz.hdr in Resources */,
			);
			runOnlyForDeploymentPostprocessing = 0;
		};
		79F552E2244E31C300BC9E96 /* Resources */ = {
			isa = PBXResourcesBuildPhase;
			buildActionMask = 2147483647;
			files = (
				79FC9E4A246B426D00ADAEB3 /* grace_posz.hdr in Resources */,
				79FC9E3E246B426D00ADAEB3 /* fire.png in Resources */,
				79FC9E62246B426D00ADAEB3 /* grace-diffuse_posy.hdr in Resources */,
				79FC9E9B246B426D00ADAEB3 /* ao_ears.png in Resources */,
				79FC9E35246B426D00ADAEB3 /* mybrick-height.png in Resources */,
				79FC9E6E246B426D00ADAEB3 /* grace-diffuse_negy.hdr in Resources */,
				79FC9E3B246B426D00ADAEB3 /* mybrick-color.png in Resources */,
				79FC9E8F246B426D00ADAEB3 /* pisa_negx.hdr in Resources */,
				79FC9E50246B426D00ADAEB3 /* grace_posy.hdr in Resources */,
				79FC9E83246B426D00ADAEB3 /* pisa_negz.png in Resources */,
				79FC9EAD246B426D00ADAEB3 /* star.png in Resources */,
				79FC9E47246B426D00ADAEB3 /* hardwood2_diffuse.jpg in Resources */,
				79FC9EA7246B426D00ADAEB3 /* flower.png in Resources */,
				79FC9E6B246B426D00ADAEB3 /* grace-diffuse_negx.hdr in Resources */,
				79FC9E2C246B426D00ADAEB3 /* building.obj in Resources */,
				79FC9E23246B426D00ADAEB3 /* teapot.obj in Resources */,
				79FC9E32246B426D00ADAEB3 /* bluewater.png in Resources */,
				79FC9E9E246B426D00ADAEB3 /* ogre_diffuse.png in Resources */,
				79FC9E20246B426D00ADAEB3 /* dragon.obj in Resources */,
				79FC9E8C246B426D00ADAEB3 /* pisa_posx.hdr in Resources */,
				79FC9E59246B426D00ADAEB3 /* grace_negx.hdr in Resources */,
				79FC9E4D246B426D00ADAEB3 /* grace_posx.hdr in Resources */,
				79FC9E65246B426D00ADAEB3 /* grace-diffuse_posx.hdr in Resources */,
				79FC9E29246B426D00ADAEB3 /* pig_triangulated.obj in Resources */,
				79FC9E86246B426D00ADAEB3 /* pisa_posz.hdr in Resources */,
				79FC9E44246B426D00ADAEB3 /* ogre_normalmap.png in Resources */,
				79FC9E7D246B426D00ADAEB3 /* pisa_negy.png in Resources */,
				79FC9E26246B426D00ADAEB3 /* bs_ears.obj in Resources */,
				79FC9EA1246B426D00ADAEB3 /* cement.jpg in Resources */,
				79FC9E92246B426D00ADAEB3 /* pisa_negy.hdr in Resources */,
				79FC9E77246B426D00ADAEB3 /* pisa_posx.png in Resources */,
				79FC9E38246B426D00ADAEB3 /* mybrick-normal.png in Resources */,
				79FC9E80246B426D00ADAEB3 /* pisa_negx.png in Resources */,
				79FC9E5F246B426D00ADAEB3 /* grace-diffuse_posz.hdr in Resources */,
				79FC9E5C246B426D00ADAEB3 /* grace_negz.hdr in Resources */,
				79FC9EAA246B426D00ADAEB3 /* smoke.png in Resources */,
				79FC9EB0246B426D00ADAEB3 /* me_textile.png in Resources */,
				79FC9EA4246B426D00ADAEB3 /* utc32.tga in Resources */,
				79F552FA244E31C300BC9E96 /* Assets.xcassets in Resources */,
				79FC9EB3246B426D00ADAEB3 /* image.tga in Resources */,
				79FC9EBC246B426D00ADAEB3 /* spot_triangulated.obj in Resources */,
				79F552EE244E31C300BC9E96 /* Main.storyboard in Resources */,
				79FC9E89246B426D00ADAEB3 /* pisa_posy.hdr in Resources */,
				79FC9E56246B426D00ADAEB3 /* grace_negy.hdr in Resources */,
				79FC9E74246B426D00ADAEB3 /* pisa_posz.png in Resources */,
				79FC9E71246B426D00ADAEB3 /* grace-diffuse_negz.hdr in Resources */,
				79FC9E7A246B426D00ADAEB3 /* pisa_posy.png in Resources */,
				79FC9E98246B426D00ADAEB3 /* hardwood2_roughness.jpg in Resources */,
				79FC9EB6246B426D00ADAEB3 /* moss.png in Resources */,
				79FC9EB9246B426D00ADAEB3 /* spot_texture.png in Resources */,
				79FC9E41246B426D00ADAEB3 /* brick1.jpg in Resources */,
				79FC9E95246B426D00ADAEB3 /* pisa_negz.hdr in Resources */,
			);
			runOnlyForDeploymentPostprocessing = 0;
		};
/* End PBXResourcesBuildPhase section */

/* Begin PBXShellScriptBuildPhase section */
		796FE01B25792CF000330924 /* ShellScript */ = {
			isa = PBXShellScriptBuildPhase;
			buildActionMask = 2147483647;
			files = (
			);
			inputFileListPaths = (
			);
			inputPaths = (
			);
			outputFileListPaths = (
			);
			outputPaths = (
			);
			runOnlyForDeploymentPostprocessing = 0;
			shellPath = /bin/sh;
			shellScript = "# Type a script or drag a script file from your workspace to insert its path.\nclang-format -i  ${SRCROOT}/**/*.m ${SRCROOT}/**/*.h ${SRCROOT}/**/*.mm ${SRCROOT}/**/*.c\n";
		};
/* End PBXShellScriptBuildPhase section */

/* Begin PBXSourcesBuildPhase section */
		79F552B5244E31C300BC9E96 /* Sources */ = {
			isa = PBXSourcesBuildPhase;
			buildActionMask = 2147483647;
			files = (
				79DAE095245768A6000F85EF /* WLScene.m in Sources */,
				79DAE06E2455ABE8000F85EF /* WLActor.m in Sources */,
				79DAE0A624576DAB000F85EF /* WLOBJActor.m in Sources */,
				79FC9DB42467744F00ADAEB3 /* WLImage.m in Sources */,
				79DAE09E24576CE8000F85EF /* WLMath.c in Sources */,
				79DAE0692455A494000F85EF /* WLUtils.m in Sources */,
				79DAE0A924576F00000F85EF /* MBEOBJModel.mm in Sources */,
				79F552C1244E31C300BC9E96 /* GameViewController.m in Sources */,
				79F552CA244E31C300BC9E96 /* main.m in Sources */,
				79DAE0B52458BE9F000F85EF /* WLPlane.m in Sources */,
				79DAE0732455B0EC000F85EF /* WLCamera.m in Sources */,
				79DAE0AC24576F05000F85EF /* MBEOBJGroup.mm in Sources */,
				79DAE0B82458C04C000F85EF /* WLPlaneMesh.m in Sources */,
				79DAE05E2454DF87000F85EF /* WLMesh.m in Sources */,
				79F552BE244E31C300BC9E96 /* AppDelegate.m in Sources */,
				79DAE0C7245AD351000F85EF /* WLRenderView.m in Sources */,
				79F552F5244E31C300BC9E96 /* Shaders.metal in Sources */,
				79DAE057245463C8000F85EF /* WLRenderer.m in Sources */,
				79DAE07C2455C50E000F85EF /* WLResourceMesh.m in Sources */,
			);
			runOnlyForDeploymentPostprocessing = 0;
		};
		79F552CB244E31C300BC9E96 /* Sources */ = {
			isa = PBXSourcesBuildPhase;
			buildActionMask = 2147483647;
			files = (
				79DAE096245768A6000F85EF /* WLScene.m in Sources */,
				79DAE06F2455ABE8000F85EF /* WLActor.m in Sources */,
				79DAE0A724576DAB000F85EF /* WLOBJActor.m in Sources */,
				79DAE09F24576CE8000F85EF /* WLMath.c in Sources */,
				79DAE06A2455A494000F85EF /* WLUtils.m in Sources */,
				79DAE0AA24576F01000F85EF /* MBEOBJModel.mm in Sources */,
				79F552D6244E31C300BC9E96 /* GameViewController.m in Sources */,
				79F552DF244E31C300BC9E96 /* main.m in Sources */,
				79DAE0B92458C379000F85EF /* WLPlane.m in Sources */,
				79FC9DB52467744F00ADAEB3 /* WLImage.m in Sources */,
				79DAE0742455B0EC000F85EF /* WLCamera.m in Sources */,
				79DAE0AD24576F05000F85EF /* MBEOBJGroup.mm in Sources */,
				79DAE0BB2458C392000F85EF /* WLPlaneMesh.m in Sources */,
				79DAE05F2454DF87000F85EF /* WLMesh.m in Sources */,
				79F552D3244E31C300BC9E96 /* AppDelegate.m in Sources */,
				79F552F6244E31C300BC9E96 /* Shaders.metal in Sources */,
				79DAE058245463C8000F85EF /* WLRenderer.m in Sources */,
				79DAE07D2455C50E000F85EF /* WLResourceMesh.m in Sources */,
			);
			runOnlyForDeploymentPostprocessing = 0;
		};
		79F552E0244E31C300BC9E96 /* Sources */ = {
			isa = PBXSourcesBuildPhase;
			buildActionMask = 2147483647;
			files = (
				79DAE0702455ABE8000F85EF /* WLActor.m in Sources */,
				79DAE06B2455A494000F85EF /* WLUtils.m in Sources */,
				79DAE0BA2458C379000F85EF /* WLPlane.m in Sources */,
				79FC9DB62467744F00ADAEB3 /* WLImage.m in Sources */,
				79DAE0602454DF87000F85EF /* WLMesh.m in Sources */,
				79DAE0A824576DAB000F85EF /* WLOBJActor.m in Sources */,
				79DAE059245463C8000F85EF /* WLRenderer.m in Sources */,
				79DAE0BC2458C392000F85EF /* WLPlaneMesh.m in Sources */,
				79F552EB244E31C300BC9E96 /* GameViewController.m in Sources */,
				79CBED9224524DE300916540 /* WLMath.c in Sources */,
				79F552F1244E31C300BC9E96 /* main.m in Sources */,
				79DAE07E2455C50E000F85EF /* WLResourceMesh.m in Sources */,
				79DAE097245768A6000F85EF /* WLScene.m in Sources */,
				79DAE0752455B0EC000F85EF /* WLCamera.m in Sources */,
				79F552E8244E31C300BC9E96 /* AppDelegate.m in Sources */,
				79DAE0AE24576F06000F85EF /* MBEOBJGroup.mm in Sources */,
				79F552F7244E31C300BC9E96 /* Shaders.metal in Sources */,
				79DAE0AB24576F02000F85EF /* MBEOBJModel.mm in Sources */,
				79E436AC244E437700DAD61F /* WLRenderView.m in Sources */,
			);
			runOnlyForDeploymentPostprocessing = 0;
		};
/* End PBXSourcesBuildPhase section */

/* Begin PBXVariantGroup section */
		79F552C2244E31C300BC9E96 /* Main.storyboard */ = {
			isa = PBXVariantGroup;
			children = (
				79F552C3244E31C300BC9E96 /* Base */,
			);
			name = Main.storyboard;
			sourceTree = "<group>";
		};
		79F552C5244E31C300BC9E96 /* LaunchScreen.storyboard */ = {
			isa = PBXVariantGroup;
			children = (
				79F552C6244E31C300BC9E96 /* Base */,
			);
			name = LaunchScreen.storyboard;
			sourceTree = "<group>";
		};
		79F552D7244E31C300BC9E96 /* Main.storyboard */ = {
			isa = PBXVariantGroup;
			children = (
				79F552D8244E31C300BC9E96 /* Base */,
			);
			name = Main.storyboard;
			sourceTree = "<group>";
		};
		79F552DA244E31C300BC9E96 /* LaunchScreen.storyboard */ = {
			isa = PBXVariantGroup;
			children = (
				79F552DB244E31C300BC9E96 /* Base */,
			);
			name = LaunchScreen.storyboard;
			sourceTree = "<group>";
		};
		79F552EC244E31C300BC9E96 /* Main.storyboard */ = {
			isa = PBXVariantGroup;
			children = (
				79F552ED244E31C300BC9E96 /* Base */,
			);
			name = Main.storyboard;
			sourceTree = "<group>";
		};
/* End PBXVariantGroup section */

/* Begin XCBuildConfiguration section */
		79F552FB244E31C300BC9E96 /* Debug */ = {
			isa = XCBuildConfiguration;
			buildSettings = {
				ALWAYS_SEARCH_USER_PATHS = NO;
				CLANG_ANALYZER_NONNULL = YES;
				CLANG_ANALYZER_NUMBER_OBJECT_CONVERSION = YES_AGGRESSIVE;
				CLANG_CXX_LANGUAGE_STANDARD = "gnu++14";
				CLANG_CXX_LIBRARY = "libc++";
				CLANG_ENABLE_MODULES = YES;
				CLANG_ENABLE_OBJC_ARC = YES;
				CLANG_ENABLE_OBJC_WEAK = YES;
				CLANG_WARN_BLOCK_CAPTURE_AUTORELEASING = YES;
				CLANG_WARN_BOOL_CONVERSION = YES;
				CLANG_WARN_COMMA = YES;
				CLANG_WARN_CONSTANT_CONVERSION = YES;
				CLANG_WARN_DEPRECATED_OBJC_IMPLEMENTATIONS = YES;
				CLANG_WARN_DIRECT_OBJC_ISA_USAGE = YES_ERROR;
				CLANG_WARN_DOCUMENTATION_COMMENTS = YES;
				CLANG_WARN_EMPTY_BODY = YES;
				CLANG_WARN_ENUM_CONVERSION = YES;
				CLANG_WARN_INFINITE_RECURSION = YES;
				CLANG_WARN_INT_CONVERSION = YES;
				CLANG_WARN_NON_LITERAL_NULL_CONVERSION = YES;
				CLANG_WARN_OBJC_IMPLICIT_RETAIN_SELF = YES;
				CLANG_WARN_OBJC_LITERAL_CONVERSION = YES;
				CLANG_WARN_OBJC_ROOT_CLASS = YES_ERROR;
				CLANG_WARN_RANGE_LOOP_ANALYSIS = YES;
				CLANG_WARN_STRICT_PROTOTYPES = YES;
				CLANG_WARN_SUSPICIOUS_MOVE = YES;
				CLANG_WARN_UNGUARDED_AVAILABILITY = YES_AGGRESSIVE;
				CLANG_WARN_UNREACHABLE_CODE = YES;
				CLANG_WARN__DUPLICATE_METHOD_MATCH = YES;
				COPY_PHASE_STRIP = NO;
				DEBUG_INFORMATION_FORMAT = dwarf;
				ENABLE_STRICT_OBJC_MSGSEND = YES;
				ENABLE_TESTABILITY = YES;
				GCC_C_LANGUAGE_STANDARD = gnu11;
				GCC_DYNAMIC_NO_PIC = NO;
				GCC_NO_COMMON_BLOCKS = YES;
				GCC_OPTIMIZATION_LEVEL = 0;
				GCC_PREPROCESSOR_DEFINITIONS = (
					"DEBUG=1",
					"$(inherited)",
				);
				GCC_TREAT_WARNINGS_AS_ERRORS = YES;
				GCC_WARN_64_TO_32_BIT_CONVERSION = YES;
				GCC_WARN_ABOUT_RETURN_TYPE = YES_ERROR;
				GCC_WARN_UNDECLARED_SELECTOR = YES;
				GCC_WARN_UNINITIALIZED_AUTOS = YES_AGGRESSIVE;
				GCC_WARN_UNUSED_FUNCTION = YES;
				GCC_WARN_UNUSED_VARIABLE = YES;
				MTL_ENABLE_DEBUG_INFO = INCLUDE_SOURCE;
				MTL_FAST_MATH = YES;
				MTL_TREAT_WARNINGS_AS_ERRORS = YES;
				ONLY_ACTIVE_ARCH = YES;
			};
			name = Debug;
		};
		79F552FC244E31C300BC9E96 /* Release */ = {
			isa = XCBuildConfiguration;
			buildSettings = {
				ALWAYS_SEARCH_USER_PATHS = NO;
				CLANG_ANALYZER_NONNULL = YES;
				CLANG_ANALYZER_NUMBER_OBJECT_CONVERSION = YES_AGGRESSIVE;
				CLANG_CXX_LANGUAGE_STANDARD = "gnu++14";
				CLANG_CXX_LIBRARY = "libc++";
				CLANG_ENABLE_MODULES = YES;
				CLANG_ENABLE_OBJC_ARC = YES;
				CLANG_ENABLE_OBJC_WEAK = YES;
				CLANG_WARN_BLOCK_CAPTURE_AUTORELEASING = YES;
				CLANG_WARN_BOOL_CONVERSION = YES;
				CLANG_WARN_COMMA = YES;
				CLANG_WARN_CONSTANT_CONVERSION = YES;
				CLANG_WARN_DEPRECATED_OBJC_IMPLEMENTATIONS = YES;
				CLANG_WARN_DIRECT_OBJC_ISA_USAGE = YES_ERROR;
				CLANG_WARN_DOCUMENTATION_COMMENTS = YES;
				CLANG_WARN_EMPTY_BODY = YES;
				CLANG_WARN_ENUM_CONVERSION = YES;
				CLANG_WARN_INFINITE_RECURSION = YES;
				CLANG_WARN_INT_CONVERSION = YES;
				CLANG_WARN_NON_LITERAL_NULL_CONVERSION = YES;
				CLANG_WARN_OBJC_IMPLICIT_RETAIN_SELF = YES;
				CLANG_WARN_OBJC_LITERAL_CONVERSION = YES;
				CLANG_WARN_OBJC_ROOT_CLASS = YES_ERROR;
				CLANG_WARN_RANGE_LOOP_ANALYSIS = YES;
				CLANG_WARN_STRICT_PROTOTYPES = YES;
				CLANG_WARN_SUSPICIOUS_MOVE = YES;
				CLANG_WARN_UNGUARDED_AVAILABILITY = YES_AGGRESSIVE;
				CLANG_WARN_UNREACHABLE_CODE = YES;
				CLANG_WARN__DUPLICATE_METHOD_MATCH = YES;
				COPY_PHASE_STRIP = NO;
				DEBUG_INFORMATION_FORMAT = "dwarf-with-dsym";
				ENABLE_NS_ASSERTIONS = NO;
				ENABLE_STRICT_OBJC_MSGSEND = YES;
				GCC_C_LANGUAGE_STANDARD = gnu11;
				GCC_NO_COMMON_BLOCKS = YES;
				GCC_TREAT_WARNINGS_AS_ERRORS = YES;
				GCC_WARN_64_TO_32_BIT_CONVERSION = YES;
				GCC_WARN_ABOUT_RETURN_TYPE = YES_ERROR;
				GCC_WARN_UNDECLARED_SELECTOR = YES;
				GCC_WARN_UNINITIALIZED_AUTOS = YES_AGGRESSIVE;
				GCC_WARN_UNUSED_FUNCTION = YES;
				GCC_WARN_UNUSED_VARIABLE = YES;
				MTL_ENABLE_DEBUG_INFO = NO;
				MTL_FAST_MATH = YES;
				MTL_TREAT_WARNINGS_AS_ERRORS = YES;
			};
			name = Release;
		};
		79F552FE244E31C300BC9E96 /* Debug */ = {
			isa = XCBuildConfiguration;
			buildSettings = {
				ASSETCATALOG_COMPILER_APPICON_NAME = AppIcon;
				CODE_SIGN_STYLE = Automatic;
				INFOPLIST_FILE = "MetalExperiments iOS/Info.plist";
				IPHONEOS_DEPLOYMENT_TARGET = 13.2;
				LD_RUNPATH_SEARCH_PATHS = (
					"$(inherited)",
					"@executable_path/Frameworks",
				);
				PRODUCT_BUNDLE_IDENTIFIER = com.whackylabs.demo.MetalExperiments;
				PRODUCT_NAME = MetalExperiments;
				SDKROOT = iphoneos;
				TARGETED_DEVICE_FAMILY = "1,2";
			};
			name = Debug;
		};
		79F552FF244E31C300BC9E96 /* Release */ = {
			isa = XCBuildConfiguration;
			buildSettings = {
				ASSETCATALOG_COMPILER_APPICON_NAME = AppIcon;
				CODE_SIGN_STYLE = Automatic;
				INFOPLIST_FILE = "MetalExperiments iOS/Info.plist";
				IPHONEOS_DEPLOYMENT_TARGET = 13.2;
				LD_RUNPATH_SEARCH_PATHS = (
					"$(inherited)",
					"@executable_path/Frameworks",
				);
				PRODUCT_BUNDLE_IDENTIFIER = com.whackylabs.demo.MetalExperiments;
				PRODUCT_NAME = MetalExperiments;
				SDKROOT = iphoneos;
				TARGETED_DEVICE_FAMILY = "1,2";
				VALIDATE_PRODUCT = YES;
			};
			name = Release;
		};
		79F55301244E31C300BC9E96 /* Debug */ = {
			isa = XCBuildConfiguration;
			buildSettings = {
				ASSETCATALOG_COMPILER_APPICON_NAME = "tvOS App Icon & Top Shelf Image";
				CODE_SIGN_STYLE = Automatic;
				INFOPLIST_FILE = "MetalExperiments tvOS/Info.plist";
				LD_RUNPATH_SEARCH_PATHS = (
					"$(inherited)",
					"@executable_path/Frameworks",
				);
				PRODUCT_BUNDLE_IDENTIFIER = com.whackylabs.demo.MetalExperiments;
				PRODUCT_NAME = MetalExperiments;
				SDKROOT = appletvos;
				TARGETED_DEVICE_FAMILY = 3;
				TVOS_DEPLOYMENT_TARGET = 13.2;
			};
			name = Debug;
		};
		79F55302244E31C300BC9E96 /* Release */ = {
			isa = XCBuildConfiguration;
			buildSettings = {
				ASSETCATALOG_COMPILER_APPICON_NAME = "tvOS App Icon & Top Shelf Image";
				CODE_SIGN_STYLE = Automatic;
				INFOPLIST_FILE = "MetalExperiments tvOS/Info.plist";
				LD_RUNPATH_SEARCH_PATHS = (
					"$(inherited)",
					"@executable_path/Frameworks",
				);
				PRODUCT_BUNDLE_IDENTIFIER = com.whackylabs.demo.MetalExperiments;
				PRODUCT_NAME = MetalExperiments;
				SDKROOT = appletvos;
				TARGETED_DEVICE_FAMILY = 3;
				TVOS_DEPLOYMENT_TARGET = 13.2;
				VALIDATE_PRODUCT = YES;
			};
			name = Release;
		};
		79F55304244E31C300BC9E96 /* Debug */ = {
			isa = XCBuildConfiguration;
			buildSettings = {
				ASSETCATALOG_COMPILER_APPICON_NAME = AppIcon;
				CODE_SIGN_STYLE = Automatic;
				COMBINE_HIDPI_IMAGES = YES;
				INFOPLIST_FILE = "MetalExperiments macOS/Info.plist";
				LD_RUNPATH_SEARCH_PATHS = (
					"$(inherited)",
					"@executable_path/../Frameworks",
				);
				MACOSX_DEPLOYMENT_TARGET = 10.15;
				PRODUCT_BUNDLE_IDENTIFIER = com.whackylabs.demo.MetalExperiments;
				PRODUCT_NAME = MetalExperiments;
				SDKROOT = macosx;
			};
			name = Debug;
		};
		79F55305244E31C300BC9E96 /* Release */ = {
			isa = XCBuildConfiguration;
			buildSettings = {
				ASSETCATALOG_COMPILER_APPICON_NAME = AppIcon;
				CODE_SIGN_STYLE = Automatic;
				COMBINE_HIDPI_IMAGES = YES;
				INFOPLIST_FILE = "MetalExperiments macOS/Info.plist";
				LD_RUNPATH_SEARCH_PATHS = (
					"$(inherited)",
					"@executable_path/../Frameworks",
				);
				MACOSX_DEPLOYMENT_TARGET = 10.15;
				PRODUCT_BUNDLE_IDENTIFIER = com.whackylabs.demo.MetalExperiments;
				PRODUCT_NAME = MetalExperiments;
				SDKROOT = macosx;
			};
			name = Release;
		};
/* End XCBuildConfiguration section */

/* Begin XCConfigurationList section */
		79F552AE244E31C000BC9E96 /* Build configuration list for PBXProject "MetalExperiments" */ = {
			isa = XCConfigurationList;
			buildConfigurations = (
				79F552FB244E31C300BC9E96 /* Debug */,
				79F552FC244E31C300BC9E96 /* Release */,
			);
			defaultConfigurationIsVisible = 0;
			defaultConfigurationName = Release;
		};
		79F552FD244E31C300BC9E96 /* Build configuration list for PBXNativeTarget "MetalExperiments iOS" */ = {
			isa = XCConfigurationList;
			buildConfigurations = (
				79F552FE244E31C300BC9E96 /* Debug */,
				79F552FF244E31C300BC9E96 /* Release */,
			);
			defaultConfigurationIsVisible = 0;
			defaultConfigurationName = Release;
		};
		79F55300244E31C300BC9E96 /* Build configuration list for PBXNativeTarget "MetalExperiments tvOS" */ = {
			isa = XCConfigurationList;
			buildConfigurations = (
				79F55301244E31C300BC9E96 /* Debug */,
				79F55302244E31C300BC9E96 /* Release */,
			);
			defaultConfigurationIsVisible = 0;
			defaultConfigurationName = Release;
		};
		79F55303244E31C300BC9E96 /* Build configuration list for PBXNativeTarget "MetalExperiments macOS" */ = {
			isa = XCConfigurationList;
			buildConfigurations = (
				79F55304244E31C300BC9E96 /* Debug */,
				79F55305244E31C300BC9E96 /* Release */,
			);
			defaultConfigurationIsVisible = 0;
			defaultConfigurationName = Release;
		};
/* End XCConfigurationList section */
	};
	rootObject = 79F552AB244E31C000BC9E96 /* Project object */;
}
